// !$*UTF8*$!
{
	archiveVersion = 1;
	classes = {
	};
	objectVersion = 46;
	objects = {

/* Begin PBXBuildFile section */
		9DADDD891ECE7F8300C53FB5 /* disk.png in Resources */ = {isa = PBXBuildFile; fileRef = 9DADDD811ECE7F8300C53FB5 /* disk.png */; };
		9DADDD8A1ECE7F8300C53FB5 /* disk.svg in Resources */ = {isa = PBXBuildFile; fileRef = 9DADDD821ECE7F8300C53FB5 /* disk.svg */; };
		9DADDD8B1ECE7F8300C53FB5 /* disk@2x.png in Resources */ = {isa = PBXBuildFile; fileRef = 9DADDD831ECE7F8300C53FB5 /* disk@2x.png */; };
		9DADDD8C1ECE7F8300C53FB5 /* disk@3x.png in Resources */ = {isa = PBXBuildFile; fileRef = 9DADDD841ECE7F8300C53FB5 /* disk@3x.png */; };
		9DADDD8D1ECE7F8300C53FB5 /* settings.png in Resources */ = {isa = PBXBuildFile; fileRef = 9DADDD851ECE7F8300C53FB5 /* settings.png */; };
		9DADDD8E1ECE7F8300C53FB5 /* settings.svg in Resources */ = {isa = PBXBuildFile; fileRef = 9DADDD861ECE7F8300C53FB5 /* settings.svg */; };
		9DADDD8F1ECE7F8300C53FB5 /* settings@2x.png in Resources */ = {isa = PBXBuildFile; fileRef = 9DADDD871ECE7F8300C53FB5 /* settings@2x.png */; };
		9DADDD901ECE7F8300C53FB5 /* settings@3x.png in Resources */ = {isa = PBXBuildFile; fileRef = 9DADDD881ECE7F8300C53FB5 /* settings@3x.png */; };
		9DADDD931ECE811F00C53FB5 /* SettingsTableViewController.m in Sources */ = {isa = PBXBuildFile; fileRef = 9DADDD921ECE811F00C53FB5 /* SettingsTableViewController.m */; };
		9DADDD981ECE836800C53FB5 /* minute.png in Resources */ = {isa = PBXBuildFile; fileRef = 9DADDD941ECE836800C53FB5 /* minute.png */; };
		9DADDD991ECE836800C53FB5 /* minute.svg in Resources */ = {isa = PBXBuildFile; fileRef = 9DADDD951ECE836800C53FB5 /* minute.svg */; };
		9DADDD9A1ECE836800C53FB5 /* minute@2x.png in Resources */ = {isa = PBXBuildFile; fileRef = 9DADDD961ECE836800C53FB5 /* minute@2x.png */; };
		9DADDD9B1ECE836800C53FB5 /* minute@3x.png in Resources */ = {isa = PBXBuildFile; fileRef = 9DADDD971ECE836800C53FB5 /* minute@3x.png */; };
		9DADDD9F1ECE8A5D00C53FB5 /* VideoQualityViewController.m in Sources */ = {isa = PBXBuildFile; fileRef = 9DADDD9D1ECE8A5D00C53FB5 /* VideoQualityViewController.m */; };
		9DADDDA31ECE8F9300C53FB5 /* StorageViewController.m in Sources */ = {isa = PBXBuildFile; fileRef = 9DADDDA21ECE8F9300C53FB5 /* StorageViewController.m */; };
		9DADDDA81ECE932800C53FB5 /* movie.png in Resources */ = {isa = PBXBuildFile; fileRef = 9DADDDA41ECE932800C53FB5 /* movie.png */; };
		9DADDDA91ECE932800C53FB5 /* movie.svg in Resources */ = {isa = PBXBuildFile; fileRef = 9DADDDA51ECE932800C53FB5 /* movie.svg */; };
		9DADDDAA1ECE932800C53FB5 /* movie@2x.png in Resources */ = {isa = PBXBuildFile; fileRef = 9DADDDA61ECE932800C53FB5 /* movie@2x.png */; };
		9DADDDAB1ECE932800C53FB5 /* movie@3x.png in Resources */ = {isa = PBXBuildFile; fileRef = 9DADDDA71ECE932800C53FB5 /* movie@3x.png */; };
		9DADDDB81ECE95F800C53FB5 /* video-camera.png in Resources */ = {isa = PBXBuildFile; fileRef = 9DADDDB41ECE95F800C53FB5 /* video-camera.png */; };
		9DADDDB91ECE95F800C53FB5 /* video-camera.svg in Resources */ = {isa = PBXBuildFile; fileRef = 9DADDDB51ECE95F800C53FB5 /* video-camera.svg */; };
		9DADDDBA1ECE95F800C53FB5 /* video-camera@2x.png in Resources */ = {isa = PBXBuildFile; fileRef = 9DADDDB61ECE95F800C53FB5 /* video-camera@2x.png */; };
		9DADDDBB1ECE95F800C53FB5 /* video-camera@3x.png in Resources */ = {isa = PBXBuildFile; fileRef = 9DADDDB71ECE95F800C53FB5 /* video-camera@3x.png */; };
		9DADDDC01ECEC68900C53FB5 /* more.png in Resources */ = {isa = PBXBuildFile; fileRef = 9DADDDBC1ECEC68900C53FB5 /* more.png */; };
		9DADDDC11ECEC68900C53FB5 /* more.svg in Resources */ = {isa = PBXBuildFile; fileRef = 9DADDDBD1ECEC68900C53FB5 /* more.svg */; };
		9DADDDC21ECEC68900C53FB5 /* more@2x.png in Resources */ = {isa = PBXBuildFile; fileRef = 9DADDDBE1ECEC68900C53FB5 /* more@2x.png */; };
		9DADDDC31ECEC68900C53FB5 /* more@3x.png in Resources */ = {isa = PBXBuildFile; fileRef = 9DADDDBF1ECEC68900C53FB5 /* more@3x.png */; };
		9DADDDCF1ECEC86800C53FB5 /* more_loading_1.png in Resources */ = {isa = PBXBuildFile; fileRef = 9DADDDC41ECEC86800C53FB5 /* more_loading_1.png */; };
		9DADDDD01ECEC86800C53FB5 /* more_loading_1@2x.png in Resources */ = {isa = PBXBuildFile; fileRef = 9DADDDC51ECEC86800C53FB5 /* more_loading_1@2x.png */; };
		9DADDDD11ECEC86800C53FB5 /* more_loading_1@3x.png in Resources */ = {isa = PBXBuildFile; fileRef = 9DADDDC61ECEC86800C53FB5 /* more_loading_1@3x.png */; };
		9DADDDD21ECEC86800C53FB5 /* more_loading_2.png in Resources */ = {isa = PBXBuildFile; fileRef = 9DADDDC71ECEC86800C53FB5 /* more_loading_2.png */; };
		9DADDDD31ECEC86800C53FB5 /* more_loading_2@2x.png in Resources */ = {isa = PBXBuildFile; fileRef = 9DADDDC81ECEC86800C53FB5 /* more_loading_2@2x.png */; };
		9DADDDD41ECEC86800C53FB5 /* more_loading_2@3x.png in Resources */ = {isa = PBXBuildFile; fileRef = 9DADDDC91ECEC86800C53FB5 /* more_loading_2@3x.png */; };
		9DADDDD51ECEC86800C53FB5 /* more_loading_3.png in Resources */ = {isa = PBXBuildFile; fileRef = 9DADDDCA1ECEC86800C53FB5 /* more_loading_3.png */; };
		9DADDDD61ECEC86800C53FB5 /* more_loading_3@2x.png in Resources */ = {isa = PBXBuildFile; fileRef = 9DADDDCB1ECEC86800C53FB5 /* more_loading_3@2x.png */; };
		9DADDDD71ECEC86800C53FB5 /* more_loading_3@3x.png in Resources */ = {isa = PBXBuildFile; fileRef = 9DADDDCC1ECEC86800C53FB5 /* more_loading_3@3x.png */; };
		9DADDDD81ECEC86800C53FB5 /* more2.svg in Resources */ = {isa = PBXBuildFile; fileRef = 9DADDDCD1ECEC86800C53FB5 /* more2.svg */; };
		9DADDDD91ECEC86800C53FB5 /* more3.svg in Resources */ = {isa = PBXBuildFile; fileRef = 9DADDDCE1ECEC86800C53FB5 /* more3.svg */; };
		9DADDDDC1ECEC88500C53FB5 /* MoreCollectionViewCell.m in Sources */ = {isa = PBXBuildFile; fileRef = 9DADDDDB1ECEC88500C53FB5 /* MoreCollectionViewCell.m */; };
		9DADDDE11ECED27600C53FB5 /* gallery.png in Resources */ = {isa = PBXBuildFile; fileRef = 9DADDDDD1ECED27600C53FB5 /* gallery.png */; };
		9DADDDE21ECED27600C53FB5 /* gallery.svg in Resources */ = {isa = PBXBuildFile; fileRef = 9DADDDDE1ECED27600C53FB5 /* gallery.svg */; };
		9DADDDE31ECED27600C53FB5 /* gallery@2x.png in Resources */ = {isa = PBXBuildFile; fileRef = 9DADDDDF1ECED27600C53FB5 /* gallery@2x.png */; };
		9DADDDE41ECED27600C53FB5 /* gallery@3x.png in Resources */ = {isa = PBXBuildFile; fileRef = 9DADDDE01ECED27600C53FB5 /* gallery@3x.png */; };
		9DADDDE71ECED80C00C53FB5 /* SwitchTableViewCell.m in Sources */ = {isa = PBXBuildFile; fileRef = 9DADDDE61ECED80C00C53FB5 /* SwitchTableViewCell.m */; };
		9DADDDEA1ECEE7D100C53FB5 /* SliderViewController.m in Sources */ = {isa = PBXBuildFile; fileRef = 9DADDDE91ECEE7D100C53FB5 /* SliderViewController.m */; };
		9DADDDEF1ECEF33400C53FB5 /* playlist.png in Resources */ = {isa = PBXBuildFile; fileRef = 9DADDDEB1ECEF33400C53FB5 /* playlist.png */; };
		9DADDDF01ECEF33400C53FB5 /* playlist@2x.png in Resources */ = {isa = PBXBuildFile; fileRef = 9DADDDEC1ECEF33400C53FB5 /* playlist@2x.png */; };
		9DADDDF11ECEF33400C53FB5 /* playlist@3x.png in Resources */ = {isa = PBXBuildFile; fileRef = 9DADDDED1ECEF33400C53FB5 /* playlist@3x.png */; };
		9DADDDF21ECEF33400C53FB5 /* video-player.svg in Resources */ = {isa = PBXBuildFile; fileRef = 9DADDDEE1ECEF33400C53FB5 /* video-player.svg */; };
		9DADDDF51ECEF3B700C53FB5 /* PlaylistTableViewController.m in Sources */ = {isa = PBXBuildFile; fileRef = 9DADDDF41ECEF3B700C53FB5 /* PlaylistTableViewController.m */; };
		9DADDDF71ECEF61700C53FB5 /* AudioToolbox.framework in Frameworks */ = {isa = PBXBuildFile; fileRef = 9DADDDF61ECEF61700C53FB5 /* AudioToolbox.framework */; };
		BC1F7DA31ED1CF1300B43CC1 /* grammar.png in Resources */ = {isa = PBXBuildFile; fileRef = BC1F7D8F1ED1CF1300B43CC1 /* grammar.png */; };
		BC1F7DA41ED1CF1300B43CC1 /* grammar.svg in Resources */ = {isa = PBXBuildFile; fileRef = BC1F7D901ED1CF1300B43CC1 /* grammar.svg */; };
		BC1F7DA51ED1CF1300B43CC1 /* grammar@2x.png in Resources */ = {isa = PBXBuildFile; fileRef = BC1F7D911ED1CF1300B43CC1 /* grammar@2x.png */; };
		BC1F7DA61ED1CF1300B43CC1 /* grammar@3x.png in Resources */ = {isa = PBXBuildFile; fileRef = BC1F7D921ED1CF1300B43CC1 /* grammar@3x.png */; };
		BC1F7DA71ED1CF1300B43CC1 /* learnEnglish.png in Resources */ = {isa = PBXBuildFile; fileRef = BC1F7D931ED1CF1300B43CC1 /* learnEnglish.png */; };
		BC1F7DA81ED1CF1300B43CC1 /* learnEnglish.svg in Resources */ = {isa = PBXBuildFile; fileRef = BC1F7D941ED1CF1300B43CC1 /* learnEnglish.svg */; };
		BC1F7DA91ED1CF1300B43CC1 /* learnEnglish@2x.png in Resources */ = {isa = PBXBuildFile; fileRef = BC1F7D951ED1CF1300B43CC1 /* learnEnglish@2x.png */; };
		BC1F7DAA1ED1CF1300B43CC1 /* learnEnglish@3x.png in Resources */ = {isa = PBXBuildFile; fileRef = BC1F7D961ED1CF1300B43CC1 /* learnEnglish@3x.png */; };
		BC1F7DAB1ED1CF1300B43CC1 /* newWords.png in Resources */ = {isa = PBXBuildFile; fileRef = BC1F7D971ED1CF1300B43CC1 /* newWords.png */; };
		BC1F7DAC1ED1CF1300B43CC1 /* newWords.svg in Resources */ = {isa = PBXBuildFile; fileRef = BC1F7D981ED1CF1300B43CC1 /* newWords.svg */; };
		BC1F7DAD1ED1CF1300B43CC1 /* newWords@2x.png in Resources */ = {isa = PBXBuildFile; fileRef = BC1F7D991ED1CF1300B43CC1 /* newWords@2x.png */; };
		BC1F7DAE1ED1CF1300B43CC1 /* newWords@3x.png in Resources */ = {isa = PBXBuildFile; fileRef = BC1F7D9A1ED1CF1300B43CC1 /* newWords@3x.png */; };
		BC1F7DAF1ED1CF1300B43CC1 /* people.png in Resources */ = {isa = PBXBuildFile; fileRef = BC1F7D9B1ED1CF1300B43CC1 /* people.png */; };
		BC1F7DB01ED1CF1300B43CC1 /* people.svg in Resources */ = {isa = PBXBuildFile; fileRef = BC1F7D9C1ED1CF1300B43CC1 /* people.svg */; };
		BC1F7DB11ED1CF1300B43CC1 /* people@2x.png in Resources */ = {isa = PBXBuildFile; fileRef = BC1F7D9D1ED1CF1300B43CC1 /* people@2x.png */; };
		BC1F7DB21ED1CF1300B43CC1 /* people@3x.png in Resources */ = {isa = PBXBuildFile; fileRef = BC1F7D9E1ED1CF1300B43CC1 /* people@3x.png */; };
		BC1F7DB31ED1CF1300B43CC1 /* television.png in Resources */ = {isa = PBXBuildFile; fileRef = BC1F7D9F1ED1CF1300B43CC1 /* television.png */; };
		BC1F7DB41ED1CF1300B43CC1 /* television.svg in Resources */ = {isa = PBXBuildFile; fileRef = BC1F7DA01ED1CF1300B43CC1 /* television.svg */; };
		BC1F7DB51ED1CF1300B43CC1 /* television@2x.png in Resources */ = {isa = PBXBuildFile; fileRef = BC1F7DA11ED1CF1300B43CC1 /* television@2x.png */; };
		BC1F7DB61ED1CF1300B43CC1 /* television@3x.png in Resources */ = {isa = PBXBuildFile; fileRef = BC1F7DA21ED1CF1300B43CC1 /* television@3x.png */; };
		BC22018C1EC71102000BE79B /* menu-three-horizontal-lines-symbol.svg in Resources */ = {isa = PBXBuildFile; fileRef = BC22018B1EC71102000BE79B /* menu-three-horizontal-lines-symbol.svg */; };
		BC22018F1EC71157000BE79B /* menu@2x.png in Resources */ = {isa = PBXBuildFile; fileRef = BC22018D1EC71157000BE79B /* menu@2x.png */; };
		BC2201901EC71157000BE79B /* menu@3x.png in Resources */ = {isa = PBXBuildFile; fileRef = BC22018E1EC71157000BE79B /* menu@3x.png */; };
		BC2201921EC7115E000BE79B /* menu.png in Resources */ = {isa = PBXBuildFile; fileRef = BC2201911EC7115E000BE79B /* menu.png */; };
		BC5E82E41EBF222A008F0BD7 /* main.m in Sources */ = {isa = PBXBuildFile; fileRef = BC5E82E31EBF222A008F0BD7 /* main.m */; };
		BC5E82E71EBF222A008F0BD7 /* AppDelegate.m in Sources */ = {isa = PBXBuildFile; fileRef = BC5E82E61EBF222A008F0BD7 /* AppDelegate.m */; };
		BC5E82EA1EBF222A008F0BD7 /* ViewController.m in Sources */ = {isa = PBXBuildFile; fileRef = BC5E82E91EBF222A008F0BD7 /* ViewController.m */; };
		BC5E82ED1EBF222A008F0BD7 /* Main.storyboard in Resources */ = {isa = PBXBuildFile; fileRef = BC5E82EB1EBF222A008F0BD7 /* Main.storyboard */; };
		BC5E82EF1EBF222A008F0BD7 /* Assets.xcassets in Resources */ = {isa = PBXBuildFile; fileRef = BC5E82EE1EBF222A008F0BD7 /* Assets.xcassets */; };
		BC5E82F21EBF222A008F0BD7 /* LaunchScreen.storyboard in Resources */ = {isa = PBXBuildFile; fileRef = BC5E82F01EBF222A008F0BD7 /* LaunchScreen.storyboard */; };
		BC74DC1F1EC03C45009C4EF1 /* PlayItem.m in Sources */ = {isa = PBXBuildFile; fileRef = BC74DC1E1EC03C45009C4EF1 /* PlayItem.m */; };
		BC74DC221EC03CB7009C4EF1 /* TrackItem.m in Sources */ = {isa = PBXBuildFile; fileRef = BC74DC211EC03CB7009C4EF1 /* TrackItem.m */; };
		BC74DC241EC03DA1009C4EF1 /* MediaPlayer.framework in Frameworks */ = {isa = PBXBuildFile; fileRef = BC74DC231EC03DA1009C4EF1 /* MediaPlayer.framework */; };
		BC8A47891EC9916B00AD5E95 /* RMDisplayLabel.m in Sources */ = {isa = PBXBuildFile; fileRef = BC8A47861EC9916B00AD5E95 /* RMDisplayLabel.m */; };
		BC8A478A1EC9916B00AD5E95 /* RMDownloadIndicator.m in Sources */ = {isa = PBXBuildFile; fileRef = BC8A47881EC9916B00AD5E95 /* RMDownloadIndicator.m */; };
		BCBA557D1EC2EE7700E4A728 /* EIAMCollectionViewController.m in Sources */ = {isa = PBXBuildFile; fileRef = BCBA557C1EC2EE7700E4A728 /* EIAMCollectionViewController.m */; };
		BCBA55811EC2EFE800E4A728 /* PageUtil.m in Sources */ = {isa = PBXBuildFile; fileRef = BCBA55801EC2EFE800E4A728 /* PageUtil.m */; };
		BCBA55841EC2F2F600E4A728 /* EIAMDataSource.m in Sources */ = {isa = PBXBuildFile; fileRef = BCBA55831EC2F2F600E4A728 /* EIAMDataSource.m */; };
		BCBA55861EC2F73D00E4A728 /* ObjectiveCHMTLParser.framework in Copy Frameworks */ = {isa = PBXBuildFile; fileRef = BCC243001EBF41B000B947BE /* ObjectiveCHMTLParser.framework */; settings = {ATTRIBUTES = (CodeSignOnCopy, RemoveHeadersOnCopy, ); }; };
		BCBA55891EC30CD400E4A728 /* EIAMCollectionViewCell.m in Sources */ = {isa = PBXBuildFile; fileRef = BCBA55881EC30CD400E4A728 /* EIAMCollectionViewCell.m */; };
		BCBA558C1EC3FF5700E4A728 /* more-with-three-dots-button.svg in Resources */ = {isa = PBXBuildFile; fileRef = BCBA558B1EC3FF5700E4A728 /* more-with-three-dots-button.svg */; };
		BCBA55901EC4000800E4A728 /* more-button.png in Resources */ = {isa = PBXBuildFile; fileRef = BCBA558D1EC4000800E4A728 /* more-button.png */; };
		BCBA55911EC4000800E4A728 /* more-button@2x.png in Resources */ = {isa = PBXBuildFile; fileRef = BCBA558E1EC4000800E4A728 /* more-button@2x.png */; };
		BCBA55921EC4000800E4A728 /* more-button@3x.png in Resources */ = {isa = PBXBuildFile; fileRef = BCBA558F1EC4000800E4A728 /* more-button@3x.png */; };
		BCBA55951EC4030100E4A728 /* MenuTableViewController.m in Sources */ = {isa = PBXBuildFile; fileRef = BCBA55941EC4030100E4A728 /* MenuTableViewController.m */; };
		BCBA55971EC4041F00E4A728 /* AVKit.framework in Frameworks */ = {isa = PBXBuildFile; fileRef = BCBA55961EC4041F00E4A728 /* AVKit.framework */; };
		BCBA55991EC404A000E4A728 /* AVFoundation.framework in Frameworks */ = {isa = PBXBuildFile; fileRef = BCBA55981EC404A000E4A728 /* AVFoundation.framework */; };
		BCBA559F1EC539FD00E4A728 /* PlayerViewController.m in Sources */ = {isa = PBXBuildFile; fileRef = BCBA559E1EC539FD00E4A728 /* PlayerViewController.m */; };
		BCBA55A21EC53E7800E4A728 /* AppleIncRootCertificate.cer in Resources */ = {isa = PBXBuildFile; fileRef = BCBA55A11EC53E7800E4A728 /* AppleIncRootCertificate.cer */; };
		BCBA55A71EC53E8C00E4A728 /* IAPManager.m in Sources */ = {isa = PBXBuildFile; fileRef = BCBA55A41EC53E8C00E4A728 /* IAPManager.m */; };
		BCBA55A81EC53E8C00E4A728 /* VerifyStoreReceipt.m in Sources */ = {isa = PBXBuildFile; fileRef = BCBA55A61EC53E8C00E4A728 /* VerifyStoreReceipt.m */; };
		BCBA55AA1EC53EB400E4A728 /* StoreKit.framework in Frameworks */ = {isa = PBXBuildFile; fileRef = BCBA55A91EC53EB400E4A728 /* StoreKit.framework */; };
		BCBA55AE1EC543DF00E4A728 /* RealmDatabase.m in Sources */ = {isa = PBXBuildFile; fileRef = BCBA55AD1EC543DF00E4A728 /* RealmDatabase.m */; };
		BCBA55B81EC5816000E4A728 /* download-from-cloud.svg in Resources */ = {isa = PBXBuildFile; fileRef = BCBA55B71EC5816000E4A728 /* download-from-cloud.svg */; };
		BCBA55BC1EC581C300E4A728 /* download-from-cloud.png in Resources */ = {isa = PBXBuildFile; fileRef = BCBA55B91EC581C300E4A728 /* download-from-cloud.png */; };
		BCBA55BD1EC581C300E4A728 /* download-from-cloud@2x.png in Resources */ = {isa = PBXBuildFile; fileRef = BCBA55BA1EC581C300E4A728 /* download-from-cloud@2x.png */; };
		BCBA55BE1EC581C300E4A728 /* download-from-cloud@3x.png in Resources */ = {isa = PBXBuildFile; fileRef = BCBA55BB1EC581C300E4A728 /* download-from-cloud@3x.png */; };
		BCC243011EBF41B000B947BE /* ObjectiveCHMTLParser.framework in Frameworks */ = {isa = PBXBuildFile; fileRef = BCC243001EBF41B000B947BE /* ObjectiveCHMTLParser.framework */; };
		BCC243031EBF47E400B947BE /* libxml2.tbd in Frameworks */ = {isa = PBXBuildFile; fileRef = BCC243021EBF47E400B947BE /* libxml2.tbd */; };
		BCC318F01EC349EB0035DA2F /* PathUtil.m in Sources */ = {isa = PBXBuildFile; fileRef = BCC318EF1EC349EB0035DA2F /* PathUtil.m */; };
		BCF3ED391ED0417A00BE47D2 /* download.png in Resources */ = {isa = PBXBuildFile; fileRef = BCF3ED351ED0417A00BE47D2 /* download.png */; };
		BCF3ED3A1ED0417A00BE47D2 /* download.svg in Resources */ = {isa = PBXBuildFile; fileRef = BCF3ED361ED0417A00BE47D2 /* download.svg */; };
		BCF3ED3B1ED0417A00BE47D2 /* download@2x.png in Resources */ = {isa = PBXBuildFile; fileRef = BCF3ED371ED0417A00BE47D2 /* download@2x.png */; };
		BCF3ED3C1ED0417A00BE47D2 /* download@3x.png in Resources */ = {isa = PBXBuildFile; fileRef = BCF3ED381ED0417A00BE47D2 /* download@3x.png */; };
		BCF3ED411ED042B100BE47D2 /* play.png in Resources */ = {isa = PBXBuildFile; fileRef = BCF3ED3D1ED042B000BE47D2 /* play.png */; };
		BCF3ED421ED042B100BE47D2 /* play.svg in Resources */ = {isa = PBXBuildFile; fileRef = BCF3ED3E1ED042B100BE47D2 /* play.svg */; };
		BCF3ED431ED042B100BE47D2 /* play@2x.png in Resources */ = {isa = PBXBuildFile; fileRef = BCF3ED3F1ED042B100BE47D2 /* play@2x.png */; };
		BCF3ED441ED042B100BE47D2 /* play@3x.png in Resources */ = {isa = PBXBuildFile; fileRef = BCF3ED401ED042B100BE47D2 /* play@3x.png */; };
		BCF3ED471ED0614900BE47D2 /* maximum.png in Resources */ = {isa = PBXBuildFile; fileRef = BCF3ED451ED0614900BE47D2 /* maximum.png */; };
		BCF3ED481ED0614900BE47D2 /* minimum.png in Resources */ = {isa = PBXBuildFile; fileRef = BCF3ED461ED0614900BE47D2 /* minimum.png */; };
		BCF3ED4B1ED0724000BE47D2 /* StorageTableViewCell.m in Sources */ = {isa = PBXBuildFile; fileRef = BCF3ED4A1ED0724000BE47D2 /* StorageTableViewCell.m */; };
		BCF3ED4E1ED074A900BE47D2 /* NSLayoutConstraint+Multiplier.m in Sources */ = {isa = PBXBuildFile; fileRef = BCF3ED4D1ED074A900BE47D2 /* NSLayoutConstraint+Multiplier.m */; };
		C35F9332C01B8B8FE69AC4F2 /* Pods_LearningEnglishByVOA.framework in Frameworks */ = {isa = PBXBuildFile; fileRef = 15698505A83F3F1DA1CADBB8 /* Pods_LearningEnglishByVOA.framework */; };
/* End PBXBuildFile section */

/* Begin PBXCopyFilesBuildPhase section */
		BCBA55851EC2F73400E4A728 /* Copy Frameworks */ = {
			isa = PBXCopyFilesBuildPhase;
			buildActionMask = 2147483647;
			dstPath = "";
			dstSubfolderSpec = 10;
			files = (
				BCBA55861EC2F73D00E4A728 /* ObjectiveCHMTLParser.framework in Copy Frameworks */,
			);
			name = "Copy Frameworks";
			runOnlyForDeploymentPostprocessing = 0;
		};
/* End PBXCopyFilesBuildPhase section */

/* Begin PBXFileReference section */
		15698505A83F3F1DA1CADBB8 /* Pods_LearningEnglishByVOA.framework */ = {isa = PBXFileReference; explicitFileType = wrapper.framework; includeInIndex = 0; path = Pods_LearningEnglishByVOA.framework; sourceTree = BUILT_PRODUCTS_DIR; };
		29EEE41FEEF47F3805E0052A /* Pods-LearningEnglishByVOA.debug.xcconfig */ = {isa = PBXFileReference; includeInIndex = 1; lastKnownFileType = text.xcconfig; name = "Pods-LearningEnglishByVOA.debug.xcconfig"; path = "Pods/Target Support Files/Pods-LearningEnglishByVOA/Pods-LearningEnglishByVOA.debug.xcconfig"; sourceTree = "<group>"; };
		9DADDD811ECE7F8300C53FB5 /* disk.png */ = {isa = PBXFileReference; lastKnownFileType = image.png; path = disk.png; sourceTree = "<group>"; };
		9DADDD821ECE7F8300C53FB5 /* disk.svg */ = {isa = PBXFileReference; fileEncoding = 4; lastKnownFileType = text.xml; path = disk.svg; sourceTree = "<group>"; };
		9DADDD831ECE7F8300C53FB5 /* disk@2x.png */ = {isa = PBXFileReference; lastKnownFileType = image.png; path = "disk@2x.png"; sourceTree = "<group>"; };
		9DADDD841ECE7F8300C53FB5 /* disk@3x.png */ = {isa = PBXFileReference; lastKnownFileType = image.png; path = "disk@3x.png"; sourceTree = "<group>"; };
		9DADDD851ECE7F8300C53FB5 /* settings.png */ = {isa = PBXFileReference; lastKnownFileType = image.png; path = settings.png; sourceTree = "<group>"; };
		9DADDD861ECE7F8300C53FB5 /* settings.svg */ = {isa = PBXFileReference; fileEncoding = 4; lastKnownFileType = text.xml; path = settings.svg; sourceTree = "<group>"; };
		9DADDD871ECE7F8300C53FB5 /* settings@2x.png */ = {isa = PBXFileReference; lastKnownFileType = image.png; path = "settings@2x.png"; sourceTree = "<group>"; };
		9DADDD881ECE7F8300C53FB5 /* settings@3x.png */ = {isa = PBXFileReference; lastKnownFileType = image.png; path = "settings@3x.png"; sourceTree = "<group>"; };
		9DADDD911ECE811F00C53FB5 /* SettingsTableViewController.h */ = {isa = PBXFileReference; fileEncoding = 4; lastKnownFileType = sourcecode.c.h; path = SettingsTableViewController.h; sourceTree = "<group>"; };
		9DADDD921ECE811F00C53FB5 /* SettingsTableViewController.m */ = {isa = PBXFileReference; fileEncoding = 4; lastKnownFileType = sourcecode.c.objc; path = SettingsTableViewController.m; sourceTree = "<group>"; };
		9DADDD941ECE836800C53FB5 /* minute.png */ = {isa = PBXFileReference; lastKnownFileType = image.png; path = minute.png; sourceTree = "<group>"; };
		9DADDD951ECE836800C53FB5 /* minute.svg */ = {isa = PBXFileReference; fileEncoding = 4; lastKnownFileType = text.xml; path = minute.svg; sourceTree = "<group>"; };
		9DADDD961ECE836800C53FB5 /* minute@2x.png */ = {isa = PBXFileReference; lastKnownFileType = image.png; path = "minute@2x.png"; sourceTree = "<group>"; };
		9DADDD971ECE836800C53FB5 /* minute@3x.png */ = {isa = PBXFileReference; lastKnownFileType = image.png; path = "minute@3x.png"; sourceTree = "<group>"; };
		9DADDD9C1ECE8A5D00C53FB5 /* VideoQualityViewController.h */ = {isa = PBXFileReference; fileEncoding = 4; lastKnownFileType = sourcecode.c.h; path = VideoQualityViewController.h; sourceTree = "<group>"; };
		9DADDD9D1ECE8A5D00C53FB5 /* VideoQualityViewController.m */ = {isa = PBXFileReference; fileEncoding = 4; lastKnownFileType = sourcecode.c.objc; path = VideoQualityViewController.m; sourceTree = "<group>"; };
		9DADDDA11ECE8F9300C53FB5 /* StorageViewController.h */ = {isa = PBXFileReference; fileEncoding = 4; lastKnownFileType = sourcecode.c.h; path = StorageViewController.h; sourceTree = "<group>"; };
		9DADDDA21ECE8F9300C53FB5 /* StorageViewController.m */ = {isa = PBXFileReference; fileEncoding = 4; lastKnownFileType = sourcecode.c.objc; path = StorageViewController.m; sourceTree = "<group>"; };
		9DADDDA41ECE932800C53FB5 /* movie.png */ = {isa = PBXFileReference; lastKnownFileType = image.png; path = movie.png; sourceTree = "<group>"; };
		9DADDDA51ECE932800C53FB5 /* movie.svg */ = {isa = PBXFileReference; fileEncoding = 4; lastKnownFileType = text.xml; path = movie.svg; sourceTree = "<group>"; };
		9DADDDA61ECE932800C53FB5 /* movie@2x.png */ = {isa = PBXFileReference; lastKnownFileType = image.png; path = "movie@2x.png"; sourceTree = "<group>"; };
		9DADDDA71ECE932800C53FB5 /* movie@3x.png */ = {isa = PBXFileReference; lastKnownFileType = image.png; path = "movie@3x.png"; sourceTree = "<group>"; };
		9DADDDB41ECE95F800C53FB5 /* video-camera.png */ = {isa = PBXFileReference; lastKnownFileType = image.png; path = "video-camera.png"; sourceTree = "<group>"; };
		9DADDDB51ECE95F800C53FB5 /* video-camera.svg */ = {isa = PBXFileReference; fileEncoding = 4; lastKnownFileType = text.xml; path = "video-camera.svg"; sourceTree = "<group>"; };
		9DADDDB61ECE95F800C53FB5 /* video-camera@2x.png */ = {isa = PBXFileReference; lastKnownFileType = image.png; path = "video-camera@2x.png"; sourceTree = "<group>"; };
		9DADDDB71ECE95F800C53FB5 /* video-camera@3x.png */ = {isa = PBXFileReference; lastKnownFileType = image.png; path = "video-camera@3x.png"; sourceTree = "<group>"; };
		9DADDDBC1ECEC68900C53FB5 /* more.png */ = {isa = PBXFileReference; lastKnownFileType = image.png; path = more.png; sourceTree = "<group>"; };
		9DADDDBD1ECEC68900C53FB5 /* more.svg */ = {isa = PBXFileReference; fileEncoding = 4; lastKnownFileType = text.xml; path = more.svg; sourceTree = "<group>"; };
		9DADDDBE1ECEC68900C53FB5 /* more@2x.png */ = {isa = PBXFileReference; lastKnownFileType = image.png; path = "more@2x.png"; sourceTree = "<group>"; };
		9DADDDBF1ECEC68900C53FB5 /* more@3x.png */ = {isa = PBXFileReference; lastKnownFileType = image.png; path = "more@3x.png"; sourceTree = "<group>"; };
		9DADDDC41ECEC86800C53FB5 /* more_loading_1.png */ = {isa = PBXFileReference; lastKnownFileType = image.png; path = more_loading_1.png; sourceTree = "<group>"; };
		9DADDDC51ECEC86800C53FB5 /* more_loading_1@2x.png */ = {isa = PBXFileReference; lastKnownFileType = image.png; path = "more_loading_1@2x.png"; sourceTree = "<group>"; };
		9DADDDC61ECEC86800C53FB5 /* more_loading_1@3x.png */ = {isa = PBXFileReference; lastKnownFileType = image.png; path = "more_loading_1@3x.png"; sourceTree = "<group>"; };
		9DADDDC71ECEC86800C53FB5 /* more_loading_2.png */ = {isa = PBXFileReference; lastKnownFileType = image.png; path = more_loading_2.png; sourceTree = "<group>"; };
		9DADDDC81ECEC86800C53FB5 /* more_loading_2@2x.png */ = {isa = PBXFileReference; lastKnownFileType = image.png; path = "more_loading_2@2x.png"; sourceTree = "<group>"; };
		9DADDDC91ECEC86800C53FB5 /* more_loading_2@3x.png */ = {isa = PBXFileReference; lastKnownFileType = image.png; path = "more_loading_2@3x.png"; sourceTree = "<group>"; };
		9DADDDCA1ECEC86800C53FB5 /* more_loading_3.png */ = {isa = PBXFileReference; lastKnownFileType = image.png; path = more_loading_3.png; sourceTree = "<group>"; };
		9DADDDCB1ECEC86800C53FB5 /* more_loading_3@2x.png */ = {isa = PBXFileReference; lastKnownFileType = image.png; path = "more_loading_3@2x.png"; sourceTree = "<group>"; };
		9DADDDCC1ECEC86800C53FB5 /* more_loading_3@3x.png */ = {isa = PBXFileReference; lastKnownFileType = image.png; path = "more_loading_3@3x.png"; sourceTree = "<group>"; };
		9DADDDCD1ECEC86800C53FB5 /* more2.svg */ = {isa = PBXFileReference; fileEncoding = 4; lastKnownFileType = text.xml; path = more2.svg; sourceTree = "<group>"; };
		9DADDDCE1ECEC86800C53FB5 /* more3.svg */ = {isa = PBXFileReference; fileEncoding = 4; lastKnownFileType = text.xml; path = more3.svg; sourceTree = "<group>"; };
		9DADDDDA1ECEC88500C53FB5 /* MoreCollectionViewCell.h */ = {isa = PBXFileReference; fileEncoding = 4; lastKnownFileType = sourcecode.c.h; path = MoreCollectionViewCell.h; sourceTree = "<group>"; };
		9DADDDDB1ECEC88500C53FB5 /* MoreCollectionViewCell.m */ = {isa = PBXFileReference; fileEncoding = 4; lastKnownFileType = sourcecode.c.objc; path = MoreCollectionViewCell.m; sourceTree = "<group>"; };
		9DADDDDD1ECED27600C53FB5 /* gallery.png */ = {isa = PBXFileReference; lastKnownFileType = image.png; path = gallery.png; sourceTree = "<group>"; };
		9DADDDDE1ECED27600C53FB5 /* gallery.svg */ = {isa = PBXFileReference; fileEncoding = 4; lastKnownFileType = text.xml; path = gallery.svg; sourceTree = "<group>"; };
		9DADDDDF1ECED27600C53FB5 /* gallery@2x.png */ = {isa = PBXFileReference; lastKnownFileType = image.png; path = "gallery@2x.png"; sourceTree = "<group>"; };
		9DADDDE01ECED27600C53FB5 /* gallery@3x.png */ = {isa = PBXFileReference; lastKnownFileType = image.png; path = "gallery@3x.png"; sourceTree = "<group>"; };
		9DADDDE51ECED80C00C53FB5 /* SwitchTableViewCell.h */ = {isa = PBXFileReference; fileEncoding = 4; lastKnownFileType = sourcecode.c.h; path = SwitchTableViewCell.h; sourceTree = "<group>"; };
		9DADDDE61ECED80C00C53FB5 /* SwitchTableViewCell.m */ = {isa = PBXFileReference; fileEncoding = 4; lastKnownFileType = sourcecode.c.objc; path = SwitchTableViewCell.m; sourceTree = "<group>"; };
		9DADDDE81ECEE7D100C53FB5 /* SliderViewController.h */ = {isa = PBXFileReference; fileEncoding = 4; lastKnownFileType = sourcecode.c.h; path = SliderViewController.h; sourceTree = "<group>"; };
		9DADDDE91ECEE7D100C53FB5 /* SliderViewController.m */ = {isa = PBXFileReference; fileEncoding = 4; lastKnownFileType = sourcecode.c.objc; path = SliderViewController.m; sourceTree = "<group>"; };
		9DADDDEB1ECEF33400C53FB5 /* playlist.png */ = {isa = PBXFileReference; lastKnownFileType = image.png; path = playlist.png; sourceTree = "<group>"; };
		9DADDDEC1ECEF33400C53FB5 /* playlist@2x.png */ = {isa = PBXFileReference; lastKnownFileType = image.png; path = "playlist@2x.png"; sourceTree = "<group>"; };
		9DADDDED1ECEF33400C53FB5 /* playlist@3x.png */ = {isa = PBXFileReference; lastKnownFileType = image.png; path = "playlist@3x.png"; sourceTree = "<group>"; };
		9DADDDEE1ECEF33400C53FB5 /* video-player.svg */ = {isa = PBXFileReference; fileEncoding = 4; lastKnownFileType = text.xml; path = "video-player.svg"; sourceTree = "<group>"; };
		9DADDDF31ECEF3B700C53FB5 /* PlaylistTableViewController.h */ = {isa = PBXFileReference; fileEncoding = 4; lastKnownFileType = sourcecode.c.h; path = PlaylistTableViewController.h; sourceTree = "<group>"; };
		9DADDDF41ECEF3B700C53FB5 /* PlaylistTableViewController.m */ = {isa = PBXFileReference; fileEncoding = 4; lastKnownFileType = sourcecode.c.objc; path = PlaylistTableViewController.m; sourceTree = "<group>"; };
		9DADDDF61ECEF61700C53FB5 /* AudioToolbox.framework */ = {isa = PBXFileReference; lastKnownFileType = wrapper.framework; name = AudioToolbox.framework; path = System/Library/Frameworks/AudioToolbox.framework; sourceTree = SDKROOT; };
		BC1F7D8F1ED1CF1300B43CC1 /* grammar.png */ = {isa = PBXFileReference; lastKnownFileType = image.png; path = grammar.png; sourceTree = "<group>"; };
		BC1F7D901ED1CF1300B43CC1 /* grammar.svg */ = {isa = PBXFileReference; fileEncoding = 4; lastKnownFileType = text.xml; path = grammar.svg; sourceTree = "<group>"; };
		BC1F7D911ED1CF1300B43CC1 /* grammar@2x.png */ = {isa = PBXFileReference; lastKnownFileType = image.png; path = "grammar@2x.png"; sourceTree = "<group>"; };
		BC1F7D921ED1CF1300B43CC1 /* grammar@3x.png */ = {isa = PBXFileReference; lastKnownFileType = image.png; path = "grammar@3x.png"; sourceTree = "<group>"; };
		BC1F7D931ED1CF1300B43CC1 /* learnEnglish.png */ = {isa = PBXFileReference; lastKnownFileType = image.png; path = learnEnglish.png; sourceTree = "<group>"; };
		BC1F7D941ED1CF1300B43CC1 /* learnEnglish.svg */ = {isa = PBXFileReference; fileEncoding = 4; lastKnownFileType = text.xml; path = learnEnglish.svg; sourceTree = "<group>"; };
		BC1F7D951ED1CF1300B43CC1 /* learnEnglish@2x.png */ = {isa = PBXFileReference; lastKnownFileType = image.png; path = "learnEnglish@2x.png"; sourceTree = "<group>"; };
		BC1F7D961ED1CF1300B43CC1 /* learnEnglish@3x.png */ = {isa = PBXFileReference; lastKnownFileType = image.png; path = "learnEnglish@3x.png"; sourceTree = "<group>"; };
		BC1F7D971ED1CF1300B43CC1 /* newWords.png */ = {isa = PBXFileReference; lastKnownFileType = image.png; path = newWords.png; sourceTree = "<group>"; };
		BC1F7D981ED1CF1300B43CC1 /* newWords.svg */ = {isa = PBXFileReference; fileEncoding = 4; lastKnownFileType = text.xml; path = newWords.svg; sourceTree = "<group>"; };
		BC1F7D991ED1CF1300B43CC1 /* newWords@2x.png */ = {isa = PBXFileReference; lastKnownFileType = image.png; path = "newWords@2x.png"; sourceTree = "<group>"; };
		BC1F7D9A1ED1CF1300B43CC1 /* newWords@3x.png */ = {isa = PBXFileReference; lastKnownFileType = image.png; path = "newWords@3x.png"; sourceTree = "<group>"; };
		BC1F7D9B1ED1CF1300B43CC1 /* people.png */ = {isa = PBXFileReference; lastKnownFileType = image.png; path = people.png; sourceTree = "<group>"; };
		BC1F7D9C1ED1CF1300B43CC1 /* people.svg */ = {isa = PBXFileReference; fileEncoding = 4; lastKnownFileType = text.xml; path = people.svg; sourceTree = "<group>"; };
		BC1F7D9D1ED1CF1300B43CC1 /* people@2x.png */ = {isa = PBXFileReference; lastKnownFileType = image.png; path = "people@2x.png"; sourceTree = "<group>"; };
		BC1F7D9E1ED1CF1300B43CC1 /* people@3x.png */ = {isa = PBXFileReference; lastKnownFileType = image.png; path = "people@3x.png"; sourceTree = "<group>"; };
		BC1F7D9F1ED1CF1300B43CC1 /* television.png */ = {isa = PBXFileReference; lastKnownFileType = image.png; path = television.png; sourceTree = "<group>"; };
		BC1F7DA01ED1CF1300B43CC1 /* television.svg */ = {isa = PBXFileReference; fileEncoding = 4; lastKnownFileType = text.xml; path = television.svg; sourceTree = "<group>"; };
		BC1F7DA11ED1CF1300B43CC1 /* television@2x.png */ = {isa = PBXFileReference; lastKnownFileType = image.png; path = "television@2x.png"; sourceTree = "<group>"; };
		BC1F7DA21ED1CF1300B43CC1 /* television@3x.png */ = {isa = PBXFileReference; lastKnownFileType = image.png; path = "television@3x.png"; sourceTree = "<group>"; };
		BC22018B1EC71102000BE79B /* menu-three-horizontal-lines-symbol.svg */ = {isa = PBXFileReference; fileEncoding = 4; lastKnownFileType = text.xml; path = "menu-three-horizontal-lines-symbol.svg"; sourceTree = "<group>"; };
		BC22018D1EC71157000BE79B /* menu@2x.png */ = {isa = PBXFileReference; lastKnownFileType = image.png; path = "menu@2x.png"; sourceTree = "<group>"; };
		BC22018E1EC71157000BE79B /* menu@3x.png */ = {isa = PBXFileReference; lastKnownFileType = image.png; path = "menu@3x.png"; sourceTree = "<group>"; };
		BC2201911EC7115E000BE79B /* menu.png */ = {isa = PBXFileReference; lastKnownFileType = image.png; path = menu.png; sourceTree = "<group>"; };
		BC5E82DF1EBF222A008F0BD7 /* LearningEnglishByVOA.app */ = {isa = PBXFileReference; explicitFileType = wrapper.application; includeInIndex = 0; path = LearningEnglishByVOA.app; sourceTree = BUILT_PRODUCTS_DIR; };
		BC5E82E31EBF222A008F0BD7 /* main.m */ = {isa = PBXFileReference; lastKnownFileType = sourcecode.c.objc; path = main.m; sourceTree = "<group>"; };
		BC5E82E51EBF222A008F0BD7 /* AppDelegate.h */ = {isa = PBXFileReference; lastKnownFileType = sourcecode.c.h; path = AppDelegate.h; sourceTree = "<group>"; };
		BC5E82E61EBF222A008F0BD7 /* AppDelegate.m */ = {isa = PBXFileReference; lastKnownFileType = sourcecode.c.objc; path = AppDelegate.m; sourceTree = "<group>"; };
		BC5E82E81EBF222A008F0BD7 /* ViewController.h */ = {isa = PBXFileReference; lastKnownFileType = sourcecode.c.h; path = ViewController.h; sourceTree = "<group>"; };
		BC5E82E91EBF222A008F0BD7 /* ViewController.m */ = {isa = PBXFileReference; lastKnownFileType = sourcecode.c.objc; path = ViewController.m; sourceTree = "<group>"; };
		BC5E82EC1EBF222A008F0BD7 /* Base */ = {isa = PBXFileReference; lastKnownFileType = file.storyboard; name = Base; path = Base.lproj/Main.storyboard; sourceTree = "<group>"; };
		BC5E82EE1EBF222A008F0BD7 /* Assets.xcassets */ = {isa = PBXFileReference; lastKnownFileType = folder.assetcatalog; path = Assets.xcassets; sourceTree = "<group>"; };
		BC5E82F11EBF222A008F0BD7 /* Base */ = {isa = PBXFileReference; lastKnownFileType = file.storyboard; name = Base; path = Base.lproj/LaunchScreen.storyboard; sourceTree = "<group>"; };
		BC5E82F31EBF222A008F0BD7 /* Info.plist */ = {isa = PBXFileReference; lastKnownFileType = text.plist.xml; path = Info.plist; sourceTree = "<group>"; };
		BC74DC1D1EC03C45009C4EF1 /* PlayItem.h */ = {isa = PBXFileReference; fileEncoding = 4; lastKnownFileType = sourcecode.c.h; path = PlayItem.h; sourceTree = "<group>"; };
		BC74DC1E1EC03C45009C4EF1 /* PlayItem.m */ = {isa = PBXFileReference; fileEncoding = 4; lastKnownFileType = sourcecode.c.objc; path = PlayItem.m; sourceTree = "<group>"; };
		BC74DC201EC03CB7009C4EF1 /* TrackItem.h */ = {isa = PBXFileReference; fileEncoding = 4; lastKnownFileType = sourcecode.c.h; path = TrackItem.h; sourceTree = "<group>"; };
		BC74DC211EC03CB7009C4EF1 /* TrackItem.m */ = {isa = PBXFileReference; fileEncoding = 4; lastKnownFileType = sourcecode.c.objc; path = TrackItem.m; sourceTree = "<group>"; };
		BC74DC231EC03DA1009C4EF1 /* MediaPlayer.framework */ = {isa = PBXFileReference; lastKnownFileType = wrapper.framework; name = MediaPlayer.framework; path = System/Library/Frameworks/MediaPlayer.framework; sourceTree = SDKROOT; };
		BC8A47851EC9916B00AD5E95 /* RMDisplayLabel.h */ = {isa = PBXFileReference; fileEncoding = 4; lastKnownFileType = sourcecode.c.h; path = RMDisplayLabel.h; sourceTree = "<group>"; };
		BC8A47861EC9916B00AD5E95 /* RMDisplayLabel.m */ = {isa = PBXFileReference; fileEncoding = 4; lastKnownFileType = sourcecode.c.objc; path = RMDisplayLabel.m; sourceTree = "<group>"; };
		BC8A47871EC9916B00AD5E95 /* RMDownloadIndicator.h */ = {isa = PBXFileReference; fileEncoding = 4; lastKnownFileType = sourcecode.c.h; path = RMDownloadIndicator.h; sourceTree = "<group>"; };
		BC8A47881EC9916B00AD5E95 /* RMDownloadIndicator.m */ = {isa = PBXFileReference; fileEncoding = 4; lastKnownFileType = sourcecode.c.objc; path = RMDownloadIndicator.m; sourceTree = "<group>"; };
		BCBA557B1EC2EE7700E4A728 /* EIAMCollectionViewController.h */ = {isa = PBXFileReference; fileEncoding = 4; lastKnownFileType = sourcecode.c.h; path = EIAMCollectionViewController.h; sourceTree = "<group>"; };
		BCBA557C1EC2EE7700E4A728 /* EIAMCollectionViewController.m */ = {isa = PBXFileReference; fileEncoding = 4; lastKnownFileType = sourcecode.c.objc; path = EIAMCollectionViewController.m; sourceTree = "<group>"; };
		BCBA557F1EC2EFE800E4A728 /* PageUtil.h */ = {isa = PBXFileReference; fileEncoding = 4; lastKnownFileType = sourcecode.c.h; path = PageUtil.h; sourceTree = "<group>"; };
		BCBA55801EC2EFE800E4A728 /* PageUtil.m */ = {isa = PBXFileReference; fileEncoding = 4; lastKnownFileType = sourcecode.c.objc; path = PageUtil.m; sourceTree = "<group>"; };
		BCBA55821EC2F2F600E4A728 /* EIAMDataSource.h */ = {isa = PBXFileReference; fileEncoding = 4; lastKnownFileType = sourcecode.c.h; path = EIAMDataSource.h; sourceTree = "<group>"; };
		BCBA55831EC2F2F600E4A728 /* EIAMDataSource.m */ = {isa = PBXFileReference; fileEncoding = 4; lastKnownFileType = sourcecode.c.objc; path = EIAMDataSource.m; sourceTree = "<group>"; };
		BCBA55871EC30CD400E4A728 /* EIAMCollectionViewCell.h */ = {isa = PBXFileReference; fileEncoding = 4; lastKnownFileType = sourcecode.c.h; path = EIAMCollectionViewCell.h; sourceTree = "<group>"; };
		BCBA55881EC30CD400E4A728 /* EIAMCollectionViewCell.m */ = {isa = PBXFileReference; fileEncoding = 4; lastKnownFileType = sourcecode.c.objc; path = EIAMCollectionViewCell.m; sourceTree = "<group>"; };
		BCBA558A1EC3ED2F00E4A728 /* Common.h */ = {isa = PBXFileReference; lastKnownFileType = sourcecode.c.h; path = Common.h; sourceTree = "<group>"; };
		BCBA558B1EC3FF5700E4A728 /* more-with-three-dots-button.svg */ = {isa = PBXFileReference; fileEncoding = 4; lastKnownFileType = text.xml; path = "more-with-three-dots-button.svg"; sourceTree = "<group>"; };
		BCBA558D1EC4000800E4A728 /* more-button.png */ = {isa = PBXFileReference; lastKnownFileType = image.png; path = "more-button.png"; sourceTree = "<group>"; };
		BCBA558E1EC4000800E4A728 /* more-button@2x.png */ = {isa = PBXFileReference; lastKnownFileType = image.png; path = "more-button@2x.png"; sourceTree = "<group>"; };
		BCBA558F1EC4000800E4A728 /* more-button@3x.png */ = {isa = PBXFileReference; lastKnownFileType = image.png; path = "more-button@3x.png"; sourceTree = "<group>"; };
		BCBA55931EC4030100E4A728 /* MenuTableViewController.h */ = {isa = PBXFileReference; fileEncoding = 4; lastKnownFileType = sourcecode.c.h; path = MenuTableViewController.h; sourceTree = "<group>"; };
		BCBA55941EC4030100E4A728 /* MenuTableViewController.m */ = {isa = PBXFileReference; fileEncoding = 4; lastKnownFileType = sourcecode.c.objc; path = MenuTableViewController.m; sourceTree = "<group>"; };
		BCBA55961EC4041F00E4A728 /* AVKit.framework */ = {isa = PBXFileReference; lastKnownFileType = wrapper.framework; name = AVKit.framework; path = System/Library/Frameworks/AVKit.framework; sourceTree = SDKROOT; };
		BCBA55981EC404A000E4A728 /* AVFoundation.framework */ = {isa = PBXFileReference; lastKnownFileType = wrapper.framework; name = AVFoundation.framework; path = System/Library/Frameworks/AVFoundation.framework; sourceTree = SDKROOT; };
		BCBA559D1EC539FD00E4A728 /* PlayerViewController.h */ = {isa = PBXFileReference; fileEncoding = 4; lastKnownFileType = sourcecode.c.h; path = PlayerViewController.h; sourceTree = "<group>"; };
		BCBA559E1EC539FD00E4A728 /* PlayerViewController.m */ = {isa = PBXFileReference; fileEncoding = 4; lastKnownFileType = sourcecode.c.objc; path = PlayerViewController.m; sourceTree = "<group>"; };
		BCBA55A11EC53E7800E4A728 /* AppleIncRootCertificate.cer */ = {isa = PBXFileReference; lastKnownFileType = file; path = AppleIncRootCertificate.cer; sourceTree = "<group>"; };
		BCBA55A31EC53E8C00E4A728 /* IAPManager.h */ = {isa = PBXFileReference; fileEncoding = 4; lastKnownFileType = sourcecode.c.h; path = IAPManager.h; sourceTree = "<group>"; };
		BCBA55A41EC53E8C00E4A728 /* IAPManager.m */ = {isa = PBXFileReference; fileEncoding = 4; lastKnownFileType = sourcecode.c.objc; path = IAPManager.m; sourceTree = "<group>"; };
		BCBA55A51EC53E8C00E4A728 /* VerifyStoreReceipt.h */ = {isa = PBXFileReference; fileEncoding = 4; lastKnownFileType = sourcecode.c.h; path = VerifyStoreReceipt.h; sourceTree = "<group>"; };
		BCBA55A61EC53E8C00E4A728 /* VerifyStoreReceipt.m */ = {isa = PBXFileReference; fileEncoding = 4; lastKnownFileType = sourcecode.c.objc; path = VerifyStoreReceipt.m; sourceTree = "<group>"; };
		BCBA55A91EC53EB400E4A728 /* StoreKit.framework */ = {isa = PBXFileReference; lastKnownFileType = wrapper.framework; name = StoreKit.framework; path = System/Library/Frameworks/StoreKit.framework; sourceTree = SDKROOT; };
		BCBA55AB1EC5436800E4A728 /* LearningEnglishByVOA.entitlements */ = {isa = PBXFileReference; lastKnownFileType = text.plist.entitlements; path = LearningEnglishByVOA.entitlements; sourceTree = "<group>"; };
		BCBA55AC1EC543DF00E4A728 /* RealmDatabase.h */ = {isa = PBXFileReference; fileEncoding = 4; lastKnownFileType = sourcecode.c.h; path = RealmDatabase.h; sourceTree = "<group>"; };
		BCBA55AD1EC543DF00E4A728 /* RealmDatabase.m */ = {isa = PBXFileReference; fileEncoding = 4; lastKnownFileType = sourcecode.c.objc; path = RealmDatabase.m; sourceTree = "<group>"; };
		BCBA55B71EC5816000E4A728 /* download-from-cloud.svg */ = {isa = PBXFileReference; fileEncoding = 4; lastKnownFileType = text.xml; path = "download-from-cloud.svg"; sourceTree = "<group>"; };
		BCBA55B91EC581C300E4A728 /* download-from-cloud.png */ = {isa = PBXFileReference; lastKnownFileType = image.png; path = "download-from-cloud.png"; sourceTree = "<group>"; };
		BCBA55BA1EC581C300E4A728 /* download-from-cloud@2x.png */ = {isa = PBXFileReference; lastKnownFileType = image.png; path = "download-from-cloud@2x.png"; sourceTree = "<group>"; };
		BCBA55BB1EC581C300E4A728 /* download-from-cloud@3x.png */ = {isa = PBXFileReference; lastKnownFileType = image.png; path = "download-from-cloud@3x.png"; sourceTree = "<group>"; };
		BCC243001EBF41B000B947BE /* ObjectiveCHMTLParser.framework */ = {isa = PBXFileReference; lastKnownFileType = wrapper.framework; path = ObjectiveCHMTLParser.framework; sourceTree = "<group>"; };
		BCC243021EBF47E400B947BE /* libxml2.tbd */ = {isa = PBXFileReference; lastKnownFileType = "sourcecode.text-based-dylib-definition"; name = libxml2.tbd; path = usr/lib/libxml2.tbd; sourceTree = SDKROOT; };
		BCC318EE1EC349EB0035DA2F /* PathUtil.h */ = {isa = PBXFileReference; fileEncoding = 4; lastKnownFileType = sourcecode.c.h; path = PathUtil.h; sourceTree = "<group>"; };
		BCC318EF1EC349EB0035DA2F /* PathUtil.m */ = {isa = PBXFileReference; fileEncoding = 4; lastKnownFileType = sourcecode.c.objc; path = PathUtil.m; sourceTree = "<group>"; };
		BCF3ED351ED0417A00BE47D2 /* download.png */ = {isa = PBXFileReference; lastKnownFileType = image.png; path = download.png; sourceTree = "<group>"; };
		BCF3ED361ED0417A00BE47D2 /* download.svg */ = {isa = PBXFileReference; fileEncoding = 4; lastKnownFileType = text.xml; path = download.svg; sourceTree = "<group>"; };
		BCF3ED371ED0417A00BE47D2 /* download@2x.png */ = {isa = PBXFileReference; lastKnownFileType = image.png; path = "download@2x.png"; sourceTree = "<group>"; };
		BCF3ED381ED0417A00BE47D2 /* download@3x.png */ = {isa = PBXFileReference; lastKnownFileType = image.png; path = "download@3x.png"; sourceTree = "<group>"; };
		BCF3ED3D1ED042B000BE47D2 /* play.png */ = {isa = PBXFileReference; lastKnownFileType = image.png; path = play.png; sourceTree = "<group>"; };
		BCF3ED3E1ED042B100BE47D2 /* play.svg */ = {isa = PBXFileReference; fileEncoding = 4; lastKnownFileType = text.xml; path = play.svg; sourceTree = "<group>"; };
		BCF3ED3F1ED042B100BE47D2 /* play@2x.png */ = {isa = PBXFileReference; lastKnownFileType = image.png; path = "play@2x.png"; sourceTree = "<group>"; };
		BCF3ED401ED042B100BE47D2 /* play@3x.png */ = {isa = PBXFileReference; lastKnownFileType = image.png; path = "play@3x.png"; sourceTree = "<group>"; };
		BCF3ED451ED0614900BE47D2 /* maximum.png */ = {isa = PBXFileReference; lastKnownFileType = image.png; path = maximum.png; sourceTree = "<group>"; };
		BCF3ED461ED0614900BE47D2 /* minimum.png */ = {isa = PBXFileReference; lastKnownFileType = image.png; path = minimum.png; sourceTree = "<group>"; };
		BCF3ED491ED0724000BE47D2 /* StorageTableViewCell.h */ = {isa = PBXFileReference; fileEncoding = 4; lastKnownFileType = sourcecode.c.h; path = StorageTableViewCell.h; sourceTree = "<group>"; };
		BCF3ED4A1ED0724000BE47D2 /* StorageTableViewCell.m */ = {isa = PBXFileReference; fileEncoding = 4; lastKnownFileType = sourcecode.c.objc; path = StorageTableViewCell.m; sourceTree = "<group>"; };
		BCF3ED4C1ED074A900BE47D2 /* NSLayoutConstraint+Multiplier.h */ = {isa = PBXFileReference; fileEncoding = 4; lastKnownFileType = sourcecode.c.h; path = "NSLayoutConstraint+Multiplier.h"; sourceTree = "<group>"; };
		BCF3ED4D1ED074A900BE47D2 /* NSLayoutConstraint+Multiplier.m */ = {isa = PBXFileReference; fileEncoding = 4; lastKnownFileType = sourcecode.c.objc; path = "NSLayoutConstraint+Multiplier.m"; sourceTree = "<group>"; };
		DEA2762D01E5F7E43177DDDB /* Pods-LearningEnglishByVOA.release.xcconfig */ = {isa = PBXFileReference; includeInIndex = 1; lastKnownFileType = text.xcconfig; name = "Pods-LearningEnglishByVOA.release.xcconfig"; path = "Pods/Target Support Files/Pods-LearningEnglishByVOA/Pods-LearningEnglishByVOA.release.xcconfig"; sourceTree = "<group>"; };
/* End PBXFileReference section */

/* Begin PBXFrameworksBuildPhase section */
		BC5E82DC1EBF222A008F0BD7 /* Frameworks */ = {
			isa = PBXFrameworksBuildPhase;
			buildActionMask = 2147483647;
			files = (
				BCBA55AA1EC53EB400E4A728 /* StoreKit.framework in Frameworks */,
				BCBA55991EC404A000E4A728 /* AVFoundation.framework in Frameworks */,
				BCBA55971EC4041F00E4A728 /* AVKit.framework in Frameworks */,
				9DADDDF71ECEF61700C53FB5 /* AudioToolbox.framework in Frameworks */,
				BC74DC241EC03DA1009C4EF1 /* MediaPlayer.framework in Frameworks */,
				BCC243031EBF47E400B947BE /* libxml2.tbd in Frameworks */,
				BCC243011EBF41B000B947BE /* ObjectiveCHMTLParser.framework in Frameworks */,
				C35F9332C01B8B8FE69AC4F2 /* Pods_LearningEnglishByVOA.framework in Frameworks */,
			);
			runOnlyForDeploymentPostprocessing = 0;
		};
/* End PBXFrameworksBuildPhase section */

/* Begin PBXGroup section */
		6F259C57D6BAD69ADFFE8DA2 /* Pods */ = {
			isa = PBXGroup;
			children = (
				29EEE41FEEF47F3805E0052A /* Pods-LearningEnglishByVOA.debug.xcconfig */,
				DEA2762D01E5F7E43177DDDB /* Pods-LearningEnglishByVOA.release.xcconfig */,
			);
			name = Pods;
			sourceTree = "<group>";
		};
		BC5E82D61EBF222A008F0BD7 = {
			isa = PBXGroup;
			children = (
				BC5E82E11EBF222A008F0BD7 /* LearningEnglishByVOA */,
				BC5E82E01EBF222A008F0BD7 /* Products */,
				6F259C57D6BAD69ADFFE8DA2 /* Pods */,
				D9B46EAF30DB5DE4CCD328BC /* Frameworks */,
			);
			sourceTree = "<group>";
		};
		BC5E82E01EBF222A008F0BD7 /* Products */ = {
			isa = PBXGroup;
			children = (
				BC5E82DF1EBF222A008F0BD7 /* LearningEnglishByVOA.app */,
			);
			name = Products;
			sourceTree = "<group>";
		};
		BC5E82E11EBF222A008F0BD7 /* LearningEnglishByVOA */ = {
			isa = PBXGroup;
			children = (
				BC8A47841EC9915D00AD5E95 /* Third-Part */,
				BCFD9E2C1EC8538500E23E74 /* ViewControllers */,
				BCBA55AB1EC5436800E4A728 /* LearningEnglishByVOA.entitlements */,
				BCBA55A01EC53E6600E4A728 /* IAP */,
				BCBA557E1EC2EFA500E4A728 /* Common */,
				BCBA557A1EC2EE5000E4A728 /* EnglishInAMinute */,
				BC74DC1C1EC03C2B009C4EF1 /* Video */,
				BC5E82E51EBF222A008F0BD7 /* AppDelegate.h */,
				BC5E82E61EBF222A008F0BD7 /* AppDelegate.m */,
				BC5E82EB1EBF222A008F0BD7 /* Main.storyboard */,
				BC5E82EE1EBF222A008F0BD7 /* Assets.xcassets */,
				BC5E82F01EBF222A008F0BD7 /* LaunchScreen.storyboard */,
				BC5E82F31EBF222A008F0BD7 /* Info.plist */,
				BC5E82E21EBF222A008F0BD7 /* Supporting Files */,
			);
			path = LearningEnglishByVOA;
			sourceTree = "<group>";
		};
		BC5E82E21EBF222A008F0BD7 /* Supporting Files */ = {
			isa = PBXGroup;
			children = (
				BC1F7D8F1ED1CF1300B43CC1 /* grammar.png */,
				BC1F7D901ED1CF1300B43CC1 /* grammar.svg */,
				BC1F7D911ED1CF1300B43CC1 /* grammar@2x.png */,
				BC1F7D921ED1CF1300B43CC1 /* grammar@3x.png */,
				BC1F7D931ED1CF1300B43CC1 /* learnEnglish.png */,
				BC1F7D941ED1CF1300B43CC1 /* learnEnglish.svg */,
				BC1F7D951ED1CF1300B43CC1 /* learnEnglish@2x.png */,
				BC1F7D961ED1CF1300B43CC1 /* learnEnglish@3x.png */,
				BC1F7D971ED1CF1300B43CC1 /* newWords.png */,
				BC1F7D981ED1CF1300B43CC1 /* newWords.svg */,
				BC1F7D991ED1CF1300B43CC1 /* newWords@2x.png */,
				BC1F7D9A1ED1CF1300B43CC1 /* newWords@3x.png */,
				BC1F7D9B1ED1CF1300B43CC1 /* people.png */,
				BC1F7D9C1ED1CF1300B43CC1 /* people.svg */,
				BC1F7D9D1ED1CF1300B43CC1 /* people@2x.png */,
				BC1F7D9E1ED1CF1300B43CC1 /* people@3x.png */,
				BC1F7D9F1ED1CF1300B43CC1 /* television.png */,
				BC1F7DA01ED1CF1300B43CC1 /* television.svg */,
				BC1F7DA11ED1CF1300B43CC1 /* television@2x.png */,
				BC1F7DA21ED1CF1300B43CC1 /* television@3x.png */,
				BCF3ED451ED0614900BE47D2 /* maximum.png */,
				BCF3ED461ED0614900BE47D2 /* minimum.png */,
				BCF3ED3D1ED042B000BE47D2 /* play.png */,
				BCF3ED3E1ED042B100BE47D2 /* play.svg */,
				BCF3ED3F1ED042B100BE47D2 /* play@2x.png */,
				BCF3ED401ED042B100BE47D2 /* play@3x.png */,
				BCF3ED351ED0417A00BE47D2 /* download.png */,
				BCF3ED361ED0417A00BE47D2 /* download.svg */,
				BCF3ED371ED0417A00BE47D2 /* download@2x.png */,
				BCF3ED381ED0417A00BE47D2 /* download@3x.png */,
				9DADDDEB1ECEF33400C53FB5 /* playlist.png */,
				9DADDDEC1ECEF33400C53FB5 /* playlist@2x.png */,
				9DADDDED1ECEF33400C53FB5 /* playlist@3x.png */,
				9DADDDEE1ECEF33400C53FB5 /* video-player.svg */,
				9DADDDDD1ECED27600C53FB5 /* gallery.png */,
				9DADDDDE1ECED27600C53FB5 /* gallery.svg */,
				9DADDDDF1ECED27600C53FB5 /* gallery@2x.png */,
				9DADDDE01ECED27600C53FB5 /* gallery@3x.png */,
				9DADDDC41ECEC86800C53FB5 /* more_loading_1.png */,
				9DADDDC51ECEC86800C53FB5 /* more_loading_1@2x.png */,
				9DADDDC61ECEC86800C53FB5 /* more_loading_1@3x.png */,
				9DADDDC71ECEC86800C53FB5 /* more_loading_2.png */,
				9DADDDC81ECEC86800C53FB5 /* more_loading_2@2x.png */,
				9DADDDC91ECEC86800C53FB5 /* more_loading_2@3x.png */,
				9DADDDCA1ECEC86800C53FB5 /* more_loading_3.png */,
				9DADDDCB1ECEC86800C53FB5 /* more_loading_3@2x.png */,
				9DADDDCC1ECEC86800C53FB5 /* more_loading_3@3x.png */,
				9DADDDCD1ECEC86800C53FB5 /* more2.svg */,
				9DADDDCE1ECEC86800C53FB5 /* more3.svg */,
				9DADDDBC1ECEC68900C53FB5 /* more.png */,
				9DADDDBD1ECEC68900C53FB5 /* more.svg */,
				9DADDDBE1ECEC68900C53FB5 /* more@2x.png */,
				9DADDDBF1ECEC68900C53FB5 /* more@3x.png */,
				9DADDDA41ECE932800C53FB5 /* movie.png */,
				9DADDDA51ECE932800C53FB5 /* movie.svg */,
				9DADDDA61ECE932800C53FB5 /* movie@2x.png */,
				9DADDDA71ECE932800C53FB5 /* movie@3x.png */,
				9DADDD941ECE836800C53FB5 /* minute.png */,
				9DADDD951ECE836800C53FB5 /* minute.svg */,
				9DADDD961ECE836800C53FB5 /* minute@2x.png */,
				9DADDD971ECE836800C53FB5 /* minute@3x.png */,
				9DADDD811ECE7F8300C53FB5 /* disk.png */,
				9DADDD821ECE7F8300C53FB5 /* disk.svg */,
				9DADDD831ECE7F8300C53FB5 /* disk@2x.png */,
				9DADDD841ECE7F8300C53FB5 /* disk@3x.png */,
				9DADDD851ECE7F8300C53FB5 /* settings.png */,
				9DADDD861ECE7F8300C53FB5 /* settings.svg */,
				9DADDD871ECE7F8300C53FB5 /* settings@2x.png */,
				9DADDD881ECE7F8300C53FB5 /* settings@3x.png */,
				BC22018B1EC71102000BE79B /* menu-three-horizontal-lines-symbol.svg */,
				BCBA558B1EC3FF5700E4A728 /* more-with-three-dots-button.svg */,
				BCBA558D1EC4000800E4A728 /* more-button.png */,
				BCBA558E1EC4000800E4A728 /* more-button@2x.png */,
				BCBA558F1EC4000800E4A728 /* more-button@3x.png */,
				BCBA55B71EC5816000E4A728 /* download-from-cloud.svg */,
				BCBA55B91EC581C300E4A728 /* download-from-cloud.png */,
				BCBA55BA1EC581C300E4A728 /* download-from-cloud@2x.png */,
				BCBA55BB1EC581C300E4A728 /* download-from-cloud@3x.png */,
				BC2201911EC7115E000BE79B /* menu.png */,
				BC22018D1EC71157000BE79B /* menu@2x.png */,
				BC22018E1EC71157000BE79B /* menu@3x.png */,
				9DADDDB41ECE95F800C53FB5 /* video-camera.png */,
				9DADDDB51ECE95F800C53FB5 /* video-camera.svg */,
				9DADDDB61ECE95F800C53FB5 /* video-camera@2x.png */,
				9DADDDB71ECE95F800C53FB5 /* video-camera@3x.png */,
				BC5E82E31EBF222A008F0BD7 /* main.m */,
			);
			name = "Supporting Files";
			sourceTree = "<group>";
		};
		BC74DC1C1EC03C2B009C4EF1 /* Video */ = {
			isa = PBXGroup;
			children = (
				BC74DC1D1EC03C45009C4EF1 /* PlayItem.h */,
				BC74DC1E1EC03C45009C4EF1 /* PlayItem.m */,
				BC74DC201EC03CB7009C4EF1 /* TrackItem.h */,
				BC74DC211EC03CB7009C4EF1 /* TrackItem.m */,
			);
			name = Video;
			sourceTree = "<group>";
		};
		BC8A47841EC9915D00AD5E95 /* Third-Part */ = {
			isa = PBXGroup;
			children = (
				BC8A47851EC9916B00AD5E95 /* RMDisplayLabel.h */,
				BC8A47861EC9916B00AD5E95 /* RMDisplayLabel.m */,
				BC8A47871EC9916B00AD5E95 /* RMDownloadIndicator.h */,
				BC8A47881EC9916B00AD5E95 /* RMDownloadIndicator.m */,
			);
			name = "Third-Part";
			sourceTree = "<group>";
		};
		BCBA557A1EC2EE5000E4A728 /* EnglishInAMinute */ = {
			isa = PBXGroup;
			children = (
				BCBA55821EC2F2F600E4A728 /* EIAMDataSource.h */,
				BCBA55831EC2F2F600E4A728 /* EIAMDataSource.m */,
				BCBA55871EC30CD400E4A728 /* EIAMCollectionViewCell.h */,
				BCBA55881EC30CD400E4A728 /* EIAMCollectionViewCell.m */,
				BCBA559D1EC539FD00E4A728 /* PlayerViewController.h */,
				BCBA559E1EC539FD00E4A728 /* PlayerViewController.m */,
			);
			name = EnglishInAMinute;
			sourceTree = "<group>";
		};
		BCBA557E1EC2EFA500E4A728 /* Common */ = {
			isa = PBXGroup;
			children = (
				BCBA557F1EC2EFE800E4A728 /* PageUtil.h */,
				BCBA55801EC2EFE800E4A728 /* PageUtil.m */,
				BCC318EE1EC349EB0035DA2F /* PathUtil.h */,
				BCC318EF1EC349EB0035DA2F /* PathUtil.m */,
				BCBA558A1EC3ED2F00E4A728 /* Common.h */,
				BCBA55AC1EC543DF00E4A728 /* RealmDatabase.h */,
				BCBA55AD1EC543DF00E4A728 /* RealmDatabase.m */,
				BCF3ED4C1ED074A900BE47D2 /* NSLayoutConstraint+Multiplier.h */,
				BCF3ED4D1ED074A900BE47D2 /* NSLayoutConstraint+Multiplier.m */,
			);
			name = Common;
			sourceTree = "<group>";
		};
		BCBA55A01EC53E6600E4A728 /* IAP */ = {
			isa = PBXGroup;
			children = (
				BCBA55A11EC53E7800E4A728 /* AppleIncRootCertificate.cer */,
				BCBA55A31EC53E8C00E4A728 /* IAPManager.h */,
				BCBA55A41EC53E8C00E4A728 /* IAPManager.m */,
				BCBA55A51EC53E8C00E4A728 /* VerifyStoreReceipt.h */,
				BCBA55A61EC53E8C00E4A728 /* VerifyStoreReceipt.m */,
			);
			name = IAP;
			sourceTree = "<group>";
		};
		BCFD9E2C1EC8538500E23E74 /* ViewControllers */ = {
			isa = PBXGroup;
			children = (
				BC5E82E81EBF222A008F0BD7 /* ViewController.h */,
				BC5E82E91EBF222A008F0BD7 /* ViewController.m */,
				BCBA55931EC4030100E4A728 /* MenuTableViewController.h */,
				BCBA55941EC4030100E4A728 /* MenuTableViewController.m */,
				BCBA557B1EC2EE7700E4A728 /* EIAMCollectionViewController.h */,
				BCBA557C1EC2EE7700E4A728 /* EIAMCollectionViewController.m */,
				9DADDD911ECE811F00C53FB5 /* SettingsTableViewController.h */,
				9DADDD921ECE811F00C53FB5 /* SettingsTableViewController.m */,
				9DADDD9C1ECE8A5D00C53FB5 /* VideoQualityViewController.h */,
				9DADDD9D1ECE8A5D00C53FB5 /* VideoQualityViewController.m */,
				9DADDDA11ECE8F9300C53FB5 /* StorageViewController.h */,
				9DADDDA21ECE8F9300C53FB5 /* StorageViewController.m */,
				9DADDDDA1ECEC88500C53FB5 /* MoreCollectionViewCell.h */,
				9DADDDDB1ECEC88500C53FB5 /* MoreCollectionViewCell.m */,
				9DADDDE51ECED80C00C53FB5 /* SwitchTableViewCell.h */,
				9DADDDE61ECED80C00C53FB5 /* SwitchTableViewCell.m */,
				9DADDDE81ECEE7D100C53FB5 /* SliderViewController.h */,
				9DADDDE91ECEE7D100C53FB5 /* SliderViewController.m */,
				9DADDDF31ECEF3B700C53FB5 /* PlaylistTableViewController.h */,
				9DADDDF41ECEF3B700C53FB5 /* PlaylistTableViewController.m */,
				BCF3ED491ED0724000BE47D2 /* StorageTableViewCell.h */,
				BCF3ED4A1ED0724000BE47D2 /* StorageTableViewCell.m */,
			);
			name = ViewControllers;
			sourceTree = "<group>";
		};
		D9B46EAF30DB5DE4CCD328BC /* Frameworks */ = {
			isa = PBXGroup;
			children = (
				9DADDDF61ECEF61700C53FB5 /* AudioToolbox.framework */,
				BCBA55A91EC53EB400E4A728 /* StoreKit.framework */,
				BCBA55981EC404A000E4A728 /* AVFoundation.framework */,
				BCBA55961EC4041F00E4A728 /* AVKit.framework */,
				BC74DC231EC03DA1009C4EF1 /* MediaPlayer.framework */,
				BCC243021EBF47E400B947BE /* libxml2.tbd */,
				BCC243001EBF41B000B947BE /* ObjectiveCHMTLParser.framework */,
				15698505A83F3F1DA1CADBB8 /* Pods_LearningEnglishByVOA.framework */,
			);
			name = Frameworks;
			sourceTree = "<group>";
		};
/* End PBXGroup section */

/* Begin PBXNativeTarget section */
		BC5E82DE1EBF222A008F0BD7 /* LearningEnglishByVOA */ = {
			isa = PBXNativeTarget;
			buildConfigurationList = BC5E82F61EBF222A008F0BD7 /* Build configuration list for PBXNativeTarget "LearningEnglishByVOA" */;
			buildPhases = (
				94F8EFB333C491E82707F932 /* [CP] Check Pods Manifest.lock */,
				BC5E82DB1EBF222A008F0BD7 /* Sources */,
				BC5E82DC1EBF222A008F0BD7 /* Frameworks */,
				BC5E82DD1EBF222A008F0BD7 /* Resources */,
				6E66CED58A7D8569473C4699 /* [CP] Embed Pods Frameworks */,
				E91CA833F143403C9D255EA7 /* [CP] Copy Pods Resources */,
				BCBA55851EC2F73400E4A728 /* Copy Frameworks */,
			);
			buildRules = (
			);
			dependencies = (
			);
			name = LearningEnglishByVOA;
			productName = LearningEnglishByVOA;
			productReference = BC5E82DF1EBF222A008F0BD7 /* LearningEnglishByVOA.app */;
			productType = "com.apple.product-type.application";
		};
/* End PBXNativeTarget section */

/* Begin PBXProject section */
		BC5E82D71EBF222A008F0BD7 /* Project object */ = {
			isa = PBXProject;
			attributes = {
				LastUpgradeCheck = 0820;
				ORGANIZATIONNAME = "Xiangwei Wang";
				TargetAttributes = {
					BC5E82DE1EBF222A008F0BD7 = {
						CreatedOnToolsVersion = 8.2.1;
						DevelopmentTeam = S78RUL88S5;
						ProvisioningStyle = Automatic;
						SystemCapabilities = {
							com.apple.InterAppAudio = {
								enabled = 1;
							};
							com.apple.Keychain = {
								enabled = 1;
							};
						};
					};
				};
			};
			buildConfigurationList = BC5E82DA1EBF222A008F0BD7 /* Build configuration list for PBXProject "LearningEnglishByVOA" */;
			compatibilityVersion = "Xcode 3.2";
			developmentRegion = English;
			hasScannedForEncodings = 0;
			knownRegions = (
				en,
				Base,
			);
			mainGroup = BC5E82D61EBF222A008F0BD7;
			productRefGroup = BC5E82E01EBF222A008F0BD7 /* Products */;
			projectDirPath = "";
			projectRoot = "";
			targets = (
				BC5E82DE1EBF222A008F0BD7 /* LearningEnglishByVOA */,
			);
		};
/* End PBXProject section */

/* Begin PBXResourcesBuildPhase section */
		BC5E82DD1EBF222A008F0BD7 /* Resources */ = {
			isa = PBXResourcesBuildPhase;
			buildActionMask = 2147483647;
			files = (
				BC1F7DB21ED1CF1300B43CC1 /* people@3x.png in Resources */,
				9DADDDAA1ECE932800C53FB5 /* movie@2x.png in Resources */,
				9DADDD991ECE836800C53FB5 /* minute.svg in Resources */,
				BCF3ED421ED042B100BE47D2 /* play.svg in Resources */,
				BC5E82F21EBF222A008F0BD7 /* LaunchScreen.storyboard in Resources */,
				BCBA55911EC4000800E4A728 /* more-button@2x.png in Resources */,
				9DADDDD51ECEC86800C53FB5 /* more_loading_3.png in Resources */,
				9DADDD8E1ECE7F8300C53FB5 /* settings.svg in Resources */,
				BC22018C1EC71102000BE79B /* menu-three-horizontal-lines-symbol.svg in Resources */,
				BCF3ED431ED042B100BE47D2 /* play@2x.png in Resources */,
				9DADDDE21ECED27600C53FB5 /* gallery.svg in Resources */,
				BC22018F1EC71157000BE79B /* menu@2x.png in Resources */,
				BC1F7DA31ED1CF1300B43CC1 /* grammar.png in Resources */,
				9DADDD891ECE7F8300C53FB5 /* disk.png in Resources */,
				BC1F7DAC1ED1CF1300B43CC1 /* newWords.svg in Resources */,
				BC1F7DAF1ED1CF1300B43CC1 /* people.png in Resources */,
				9DADDD8D1ECE7F8300C53FB5 /* settings.png in Resources */,
				BCF3ED391ED0417A00BE47D2 /* download.png in Resources */,
				BC1F7DB61ED1CF1300B43CC1 /* television@3x.png in Resources */,
				BC1F7DA71ED1CF1300B43CC1 /* learnEnglish.png in Resources */,
				9DADDDB91ECE95F800C53FB5 /* video-camera.svg in Resources */,
				9DADDDAB1ECE932800C53FB5 /* movie@3x.png in Resources */,
				9DADDDE31ECED27600C53FB5 /* gallery@2x.png in Resources */,
				BC1F7DA51ED1CF1300B43CC1 /* grammar@2x.png in Resources */,
				BC1F7DA91ED1CF1300B43CC1 /* learnEnglish@2x.png in Resources */,
				BC1F7DB11ED1CF1300B43CC1 /* people@2x.png in Resources */,
				BC2201921EC7115E000BE79B /* menu.png in Resources */,
				BC1F7DAB1ED1CF1300B43CC1 /* newWords.png in Resources */,
				9DADDDC31ECEC68900C53FB5 /* more@3x.png in Resources */,
				9DADDDC21ECEC68900C53FB5 /* more@2x.png in Resources */,
				BC1F7DB31ED1CF1300B43CC1 /* television.png in Resources */,
				BCF3ED471ED0614900BE47D2 /* maximum.png in Resources */,
				9DADDDC01ECEC68900C53FB5 /* more.png in Resources */,
				BC1F7DA41ED1CF1300B43CC1 /* grammar.svg in Resources */,
				BC5E82EF1EBF222A008F0BD7 /* Assets.xcassets in Resources */,
				9DADDDF01ECEF33400C53FB5 /* playlist@2x.png in Resources */,
				9DADDD8F1ECE7F8300C53FB5 /* settings@2x.png in Resources */,
				9DADDDBB1ECE95F800C53FB5 /* video-camera@3x.png in Resources */,
				9DADDDD71ECEC86800C53FB5 /* more_loading_3@3x.png in Resources */,
				BCBA55901EC4000800E4A728 /* more-button.png in Resources */,
				9DADDDBA1ECE95F800C53FB5 /* video-camera@2x.png in Resources */,
				9DADDDD81ECEC86800C53FB5 /* more2.svg in Resources */,
				BC1F7DAD1ED1CF1300B43CC1 /* newWords@2x.png in Resources */,
				9DADDDEF1ECEF33400C53FB5 /* playlist.png in Resources */,
				BCBA55BE1EC581C300E4A728 /* download-from-cloud@3x.png in Resources */,
				BC1F7DB01ED1CF1300B43CC1 /* people.svg in Resources */,
				BCBA55921EC4000800E4A728 /* more-button@3x.png in Resources */,
				BCF3ED3B1ED0417A00BE47D2 /* download@2x.png in Resources */,
				BCF3ED3C1ED0417A00BE47D2 /* download@3x.png in Resources */,
				9DADDDE41ECED27600C53FB5 /* gallery@3x.png in Resources */,
				BCF3ED481ED0614900BE47D2 /* minimum.png in Resources */,
				9DADDDD21ECEC86800C53FB5 /* more_loading_2.png in Resources */,
				9DADDDD91ECEC86800C53FB5 /* more3.svg in Resources */,
				BC1F7DA81ED1CF1300B43CC1 /* learnEnglish.svg in Resources */,
				9DADDD8A1ECE7F8300C53FB5 /* disk.svg in Resources */,
				BCBA558C1EC3FF5700E4A728 /* more-with-three-dots-button.svg in Resources */,
				9DADDD9A1ECE836800C53FB5 /* minute@2x.png in Resources */,
				BC1F7DB51ED1CF1300B43CC1 /* television@2x.png in Resources */,
				9DADDDE11ECED27600C53FB5 /* gallery.png in Resources */,
				BCF3ED441ED042B100BE47D2 /* play@3x.png in Resources */,
				9DADDDD41ECEC86800C53FB5 /* more_loading_2@3x.png in Resources */,
				BC1F7DB41ED1CF1300B43CC1 /* television.svg in Resources */,
				BCBA55BC1EC581C300E4A728 /* download-from-cloud.png in Resources */,
				9DADDDD01ECEC86800C53FB5 /* more_loading_1@2x.png in Resources */,
				9DADDDCF1ECEC86800C53FB5 /* more_loading_1.png in Resources */,
				9DADDDA91ECE932800C53FB5 /* movie.svg in Resources */,
				BCBA55B81EC5816000E4A728 /* download-from-cloud.svg in Resources */,
				BC2201901EC71157000BE79B /* menu@3x.png in Resources */,
				9DADDDA81ECE932800C53FB5 /* movie.png in Resources */,
				9DADDD8C1ECE7F8300C53FB5 /* disk@3x.png in Resources */,
				9DADDDD61ECEC86800C53FB5 /* more_loading_3@2x.png in Resources */,
				BCF3ED411ED042B100BE47D2 /* play.png in Resources */,
				9DADDDB81ECE95F800C53FB5 /* video-camera.png in Resources */,
				BC1F7DAA1ED1CF1300B43CC1 /* learnEnglish@3x.png in Resources */,
				9DADDDF21ECEF33400C53FB5 /* video-player.svg in Resources */,
				9DADDD981ECE836800C53FB5 /* minute.png in Resources */,
				BCF3ED3A1ED0417A00BE47D2 /* download.svg in Resources */,
				9DADDDC11ECEC68900C53FB5 /* more.svg in Resources */,
				BC1F7DAE1ED1CF1300B43CC1 /* newWords@3x.png in Resources */,
				BC1F7DA61ED1CF1300B43CC1 /* grammar@3x.png in Resources */,
				9DADDDF11ECEF33400C53FB5 /* playlist@3x.png in Resources */,
				9DADDDD31ECEC86800C53FB5 /* more_loading_2@2x.png in Resources */,
				9DADDD901ECE7F8300C53FB5 /* settings@3x.png in Resources */,
				BCBA55A21EC53E7800E4A728 /* AppleIncRootCertificate.cer in Resources */,
				9DADDDD11ECEC86800C53FB5 /* more_loading_1@3x.png in Resources */,
				BC5E82ED1EBF222A008F0BD7 /* Main.storyboard in Resources */,
				9DADDD8B1ECE7F8300C53FB5 /* disk@2x.png in Resources */,
				9DADDD9B1ECE836800C53FB5 /* minute@3x.png in Resources */,
				BCBA55BD1EC581C300E4A728 /* download-from-cloud@2x.png in Resources */,
			);
			runOnlyForDeploymentPostprocessing = 0;
		};
/* End PBXResourcesBuildPhase section */

/* Begin PBXShellScriptBuildPhase section */
		6E66CED58A7D8569473C4699 /* [CP] Embed Pods Frameworks */ = {
			isa = PBXShellScriptBuildPhase;
			buildActionMask = 2147483647;
			files = (
			);
			inputPaths = (
			);
			name = "[CP] Embed Pods Frameworks";
			outputPaths = (
			);
			runOnlyForDeploymentPostprocessing = 0;
			shellPath = /bin/sh;
			shellScript = "\"${SRCROOT}/Pods/Target Support Files/Pods-LearningEnglishByVOA/Pods-LearningEnglishByVOA-frameworks.sh\"\n";
			showEnvVarsInLog = 0;
		};
		94F8EFB333C491E82707F932 /* [CP] Check Pods Manifest.lock */ = {
			isa = PBXShellScriptBuildPhase;
			buildActionMask = 2147483647;
			files = (
			);
			inputPaths = (
			);
			name = "[CP] Check Pods Manifest.lock";
			outputPaths = (
			);
			runOnlyForDeploymentPostprocessing = 0;
			shellPath = /bin/sh;
			shellScript = "diff \"${PODS_ROOT}/../Podfile.lock\" \"${PODS_ROOT}/Manifest.lock\" > /dev/null\nif [ $? != 0 ] ; then\n    # print error to STDERR\n    echo \"error: The sandbox is not in sync with the Podfile.lock. Run 'pod install' or update your CocoaPods installation.\" >&2\n    exit 1\nfi\n";
			showEnvVarsInLog = 0;
		};
		E91CA833F143403C9D255EA7 /* [CP] Copy Pods Resources */ = {
			isa = PBXShellScriptBuildPhase;
			buildActionMask = 2147483647;
			files = (
			);
			inputPaths = (
			);
			name = "[CP] Copy Pods Resources";
			outputPaths = (
			);
			runOnlyForDeploymentPostprocessing = 0;
			shellPath = /bin/sh;
			shellScript = "\"${SRCROOT}/Pods/Target Support Files/Pods-LearningEnglishByVOA/Pods-LearningEnglishByVOA-resources.sh\"\n";
			showEnvVarsInLog = 0;
		};
/* End PBXShellScriptBuildPhase section */

/* Begin PBXSourcesBuildPhase section */
		BC5E82DB1EBF222A008F0BD7 /* Sources */ = {
			isa = PBXSourcesBuildPhase;
			buildActionMask = 2147483647;
			files = (
				BCBA55AE1EC543DF00E4A728 /* RealmDatabase.m in Sources */,
				9DADDDF51ECEF3B700C53FB5 /* PlaylistTableViewController.m in Sources */,
				9DADDDE71ECED80C00C53FB5 /* SwitchTableViewCell.m in Sources */,
				BC5E82EA1EBF222A008F0BD7 /* ViewController.m in Sources */,
				BCF3ED4B1ED0724000BE47D2 /* StorageTableViewCell.m in Sources */,
				BCBA55891EC30CD400E4A728 /* EIAMCollectionViewCell.m in Sources */,
				BC5E82E71EBF222A008F0BD7 /* AppDelegate.m in Sources */,
				BCBA55841EC2F2F600E4A728 /* EIAMDataSource.m in Sources */,
				BCBA55A71EC53E8C00E4A728 /* IAPManager.m in Sources */,
				BC74DC1F1EC03C45009C4EF1 /* PlayItem.m in Sources */,
				BCBA559F1EC539FD00E4A728 /* PlayerViewController.m in Sources */,
				BC74DC221EC03CB7009C4EF1 /* TrackItem.m in Sources */,
				BCBA557D1EC2EE7700E4A728 /* EIAMCollectionViewController.m in Sources */,
				9DADDD9F1ECE8A5D00C53FB5 /* VideoQualityViewController.m in Sources */,
				9DADDDDC1ECEC88500C53FB5 /* MoreCollectionViewCell.m in Sources */,
				BCBA55811EC2EFE800E4A728 /* PageUtil.m in Sources */,
				BCF3ED4E1ED074A900BE47D2 /* NSLayoutConstraint+Multiplier.m in Sources */,
				BC8A478A1EC9916B00AD5E95 /* RMDownloadIndicator.m in Sources */,
				BCBA55A81EC53E8C00E4A728 /* VerifyStoreReceipt.m in Sources */,
				BCC318F01EC349EB0035DA2F /* PathUtil.m in Sources */,
				9DADDDA31ECE8F9300C53FB5 /* StorageViewController.m in Sources */,
				9DADDDEA1ECEE7D100C53FB5 /* SliderViewController.m in Sources */,
				9DADDD931ECE811F00C53FB5 /* SettingsTableViewController.m in Sources */,
				BC5E82E41EBF222A008F0BD7 /* main.m in Sources */,
				BCBA55951EC4030100E4A728 /* MenuTableViewController.m in Sources */,
				BC8A47891EC9916B00AD5E95 /* RMDisplayLabel.m in Sources */,
			);
			runOnlyForDeploymentPostprocessing = 0;
		};
/* End PBXSourcesBuildPhase section */

/* Begin PBXVariantGroup section */
		BC5E82EB1EBF222A008F0BD7 /* Main.storyboard */ = {
			isa = PBXVariantGroup;
			children = (
				BC5E82EC1EBF222A008F0BD7 /* Base */,
			);
			name = Main.storyboard;
			sourceTree = "<group>";
		};
		BC5E82F01EBF222A008F0BD7 /* LaunchScreen.storyboard */ = {
			isa = PBXVariantGroup;
			children = (
				BC5E82F11EBF222A008F0BD7 /* Base */,
			);
			name = LaunchScreen.storyboard;
			sourceTree = "<group>";
		};
/* End PBXVariantGroup section */

/* Begin XCBuildConfiguration section */
		BC5E82F41EBF222A008F0BD7 /* Debug */ = {
			isa = XCBuildConfiguration;
			buildSettings = {
				ALWAYS_SEARCH_USER_PATHS = NO;
				CLANG_ANALYZER_NONNULL = YES;
				CLANG_CXX_LANGUAGE_STANDARD = "gnu++0x";
				CLANG_CXX_LIBRARY = "libc++";
				CLANG_ENABLE_MODULES = YES;
				CLANG_ENABLE_OBJC_ARC = YES;
				CLANG_WARN_BOOL_CONVERSION = YES;
				CLANG_WARN_CONSTANT_CONVERSION = YES;
				CLANG_WARN_DIRECT_OBJC_ISA_USAGE = YES_ERROR;
				CLANG_WARN_DOCUMENTATION_COMMENTS = YES;
				CLANG_WARN_EMPTY_BODY = YES;
				CLANG_WARN_ENUM_CONVERSION = YES;
				CLANG_WARN_INFINITE_RECURSION = YES;
				CLANG_WARN_INT_CONVERSION = YES;
				CLANG_WARN_OBJC_ROOT_CLASS = YES_ERROR;
				CLANG_WARN_SUSPICIOUS_MOVE = YES;
				CLANG_WARN_UNREACHABLE_CODE = YES;
				CLANG_WARN__DUPLICATE_METHOD_MATCH = YES;
				"CODE_SIGN_IDENTITY[sdk=iphoneos*]" = "iPhone Developer";
				COPY_PHASE_STRIP = NO;
				DEBUG_INFORMATION_FORMAT = dwarf;
				ENABLE_STRICT_OBJC_MSGSEND = YES;
				ENABLE_TESTABILITY = YES;
				GCC_C_LANGUAGE_STANDARD = gnu99;
				GCC_DYNAMIC_NO_PIC = NO;
				GCC_NO_COMMON_BLOCKS = YES;
				GCC_OPTIMIZATION_LEVEL = 0;
				GCC_PREPROCESSOR_DEFINITIONS = (
					"DEBUG=1",
					"$(inherited)",
				);
				GCC_WARN_64_TO_32_BIT_CONVERSION = YES;
				GCC_WARN_ABOUT_RETURN_TYPE = YES_ERROR;
				GCC_WARN_UNDECLARED_SELECTOR = YES;
				GCC_WARN_UNINITIALIZED_AUTOS = YES_AGGRESSIVE;
				GCC_WARN_UNUSED_FUNCTION = YES;
				GCC_WARN_UNUSED_VARIABLE = YES;
				IPHONEOS_DEPLOYMENT_TARGET = 10.2;
				MTL_ENABLE_DEBUG_INFO = YES;
				ONLY_ACTIVE_ARCH = YES;
				SDKROOT = iphoneos;
				TARGETED_DEVICE_FAMILY = "1,2";
			};
			name = Debug;
		};
		BC5E82F51EBF222A008F0BD7 /* Release */ = {
			isa = XCBuildConfiguration;
			buildSettings = {
				ALWAYS_SEARCH_USER_PATHS = NO;
				CLANG_ANALYZER_NONNULL = YES;
				CLANG_CXX_LANGUAGE_STANDARD = "gnu++0x";
				CLANG_CXX_LIBRARY = "libc++";
				CLANG_ENABLE_MODULES = YES;
				CLANG_ENABLE_OBJC_ARC = YES;
				CLANG_WARN_BOOL_CONVERSION = YES;
				CLANG_WARN_CONSTANT_CONVERSION = YES;
				CLANG_WARN_DIRECT_OBJC_ISA_USAGE = YES_ERROR;
				CLANG_WARN_DOCUMENTATION_COMMENTS = YES;
				CLANG_WARN_EMPTY_BODY = YES;
				CLANG_WARN_ENUM_CONVERSION = YES;
				CLANG_WARN_INFINITE_RECURSION = YES;
				CLANG_WARN_INT_CONVERSION = YES;
				CLANG_WARN_OBJC_ROOT_CLASS = YES_ERROR;
				CLANG_WARN_SUSPICIOUS_MOVE = YES;
				CLANG_WARN_UNREACHABLE_CODE = YES;
				CLANG_WARN__DUPLICATE_METHOD_MATCH = YES;
				"CODE_SIGN_IDENTITY[sdk=iphoneos*]" = "iPhone Developer";
				COPY_PHASE_STRIP = NO;
				DEBUG_INFORMATION_FORMAT = "dwarf-with-dsym";
				ENABLE_NS_ASSERTIONS = NO;
				ENABLE_STRICT_OBJC_MSGSEND = YES;
				GCC_C_LANGUAGE_STANDARD = gnu99;
				GCC_NO_COMMON_BLOCKS = YES;
				GCC_WARN_64_TO_32_BIT_CONVERSION = YES;
				GCC_WARN_ABOUT_RETURN_TYPE = YES_ERROR;
				GCC_WARN_UNDECLARED_SELECTOR = YES;
				GCC_WARN_UNINITIALIZED_AUTOS = YES_AGGRESSIVE;
				GCC_WARN_UNUSED_FUNCTION = YES;
				GCC_WARN_UNUSED_VARIABLE = YES;
				IPHONEOS_DEPLOYMENT_TARGET = 10.2;
				MTL_ENABLE_DEBUG_INFO = NO;
				SDKROOT = iphoneos;
				TARGETED_DEVICE_FAMILY = "1,2";
				VALIDATE_PRODUCT = YES;
			};
			name = Release;
		};
		BC5E82F71EBF222A008F0BD7 /* Debug */ = {
			isa = XCBuildConfiguration;
			baseConfigurationReference = 29EEE41FEEF47F3805E0052A /* Pods-LearningEnglishByVOA.debug.xcconfig */;
			buildSettings = {
				ASSETCATALOG_COMPILER_APPICON_NAME = AppIcon;
				CODE_SIGN_ENTITLEMENTS = LearningEnglishByVOA/LearningEnglishByVOA.entitlements;
				"CODE_SIGN_IDENTITY[sdk=iphoneos*]" = "iPhone Developer";
				DEVELOPMENT_TEAM = S78RUL88S5;
				ENABLE_BITCODE = NO;
				FRAMEWORK_SEARCH_PATHS = (
					"$(inherited)",
					"$(PROJECT_DIR)",
				);
				HEADER_SEARCH_PATHS = /usr/include/libxml2;
				INFOPLIST_FILE = LearningEnglishByVOA/Info.plist;
				IPHONEOS_DEPLOYMENT_TARGET = 9.0;
				LD_RUNPATH_SEARCH_PATHS = "$(inherited) @executable_path/Frameworks";
				PRODUCT_BUNDLE_IDENTIFIER = com.xiang.LearningEnglishByVOA;
				PRODUCT_NAME = "$(TARGET_NAME)";
			};
			name = Debug;
		};
		BC5E82F81EBF222A008F0BD7 /* Release */ = {
			isa = XCBuildConfiguration;
			baseConfigurationReference = DEA2762D01E5F7E43177DDDB /* Pods-LearningEnglishByVOA.release.xcconfig */;
			buildSettings = {
				ASSETCATALOG_COMPILER_APPICON_NAME = AppIcon;
				CODE_SIGN_ENTITLEMENTS = LearningEnglishByVOA/LearningEnglishByVOA.entitlements;
				"CODE_SIGN_IDENTITY[sdk=iphoneos*]" = "iPhone Developer";
				DEVELOPMENT_TEAM = S78RUL88S5;
				ENABLE_BITCODE = NO;
				FRAMEWORK_SEARCH_PATHS = (
					"$(inherited)",
					"$(PROJECT_DIR)",
				);
				HEADER_SEARCH_PATHS = /usr/include/libxml2;
				INFOPLIST_FILE = LearningEnglishByVOA/Info.plist;
				IPHONEOS_DEPLOYMENT_TARGET = 9.0;
				LD_RUNPATH_SEARCH_PATHS = "$(inherited) @executable_path/Frameworks";
				PRODUCT_BUNDLE_IDENTIFIER = com.xiang.LearningEnglishByVOA;
				PRODUCT_NAME = "$(TARGET_NAME)";
			};
			name = Release;
		};
/* End XCBuildConfiguration section */

/* Begin XCConfigurationList section */
		BC5E82DA1EBF222A008F0BD7 /* Build configuration list for PBXProject "LearningEnglishByVOA" */ = {
			isa = XCConfigurationList;
			buildConfigurations = (
				BC5E82F41EBF222A008F0BD7 /* Debug */,
				BC5E82F51EBF222A008F0BD7 /* Release */,
			);
			defaultConfigurationIsVisible = 0;
			defaultConfigurationName = Release;
		};
		BC5E82F61EBF222A008F0BD7 /* Build configuration list for PBXNativeTarget "LearningEnglishByVOA" */ = {
			isa = XCConfigurationList;
			buildConfigurations = (
				BC5E82F71EBF222A008F0BD7 /* Debug */,
				BC5E82F81EBF222A008F0BD7 /* Release */,
			);
			defaultConfigurationIsVisible = 0;
			defaultConfigurationName = Release;
		};
/* End XCConfigurationList section */
	};
	rootObject = BC5E82D71EBF222A008F0BD7 /* Project object */;
}
